// !$*UTF8*$!
{
	archiveVersion = 1;
	classes = {
	};
	objectVersion = 46;
	objects = {

/* Begin PBXAggregateTarget section */
		4F4ADE92182DD9C9007AC796 /* Documentation */ = {
			isa = PBXAggregateTarget;
			buildConfigurationList = 4F4ADE95182DD9C9007AC796 /* Build configuration list for PBXAggregateTarget "Documentation" */;
			buildPhases = (
			);
			dependencies = (
			);
			name = Documentation;
			productName = Documentation;
		};
/* End PBXAggregateTarget section */

/* Begin PBXBuildFile section */
		09545463FFA2473F9F223361 /* libPods.a in Frameworks */ = {isa = PBXBuildFile; fileRef = 81CB7D6B303A4384A940032C /* libPods.a */; };
		4F484DE918E078A900A37BC3 /* DZNPhotoPickerController.strings in Resources */ = {isa = PBXBuildFile; fileRef = 4F484DDB18E078A900A37BC3 /* DZNPhotoPickerController.strings */; };
		4F570141180E5D0E00E12444 /* Foundation.framework in Frameworks */ = {isa = PBXBuildFile; fileRef = 4F570140180E5D0E00E12444 /* Foundation.framework */; };
		4F570143180E5D0E00E12444 /* CoreGraphics.framework in Frameworks */ = {isa = PBXBuildFile; fileRef = 4F570142180E5D0E00E12444 /* CoreGraphics.framework */; };
		4F570145180E5D0E00E12444 /* UIKit.framework in Frameworks */ = {isa = PBXBuildFile; fileRef = 4F570144180E5D0E00E12444 /* UIKit.framework */; };
		4F57014D180E5D0E00E12444 /* main.m in Sources */ = {isa = PBXBuildFile; fileRef = 4F57014C180E5D0E00E12444 /* main.m */; };
		4F570151180E5D0E00E12444 /* AppDelegate.m in Sources */ = {isa = PBXBuildFile; fileRef = 4F570150180E5D0E00E12444 /* AppDelegate.m */; };
		4F570154180E5D0E00E12444 /* Main_iPhone.storyboard in Resources */ = {isa = PBXBuildFile; fileRef = 4F570152180E5D0E00E12444 /* Main_iPhone.storyboard */; };
		4F570157180E5D0E00E12444 /* Main_iPad.storyboard in Resources */ = {isa = PBXBuildFile; fileRef = 4F570155180E5D0E00E12444 /* Main_iPad.storyboard */; };
		4F57015A180E5D0E00E12444 /* RootViewController.m in Sources */ = {isa = PBXBuildFile; fileRef = 4F570159180E5D0E00E12444 /* RootViewController.m */; };
		4F57015C180E5D0E00E12444 /* Images.xcassets in Resources */ = {isa = PBXBuildFile; fileRef = 4F57015B180E5D0E00E12444 /* Images.xcassets */; };
		4F5B1D5E18E1D8F400148EA0 /* DZNPhotoDisplayViewCell.m in Sources */ = {isa = PBXBuildFile; fileRef = 4F5B1D4418E1D8F400148EA0 /* DZNPhotoDisplayViewCell.m */; };
		4F5B1D5F18E1D8F400148EA0 /* DZNPhotoDisplayViewController.m in Sources */ = {isa = PBXBuildFile; fileRef = 4F5B1D4618E1D8F400148EA0 /* DZNPhotoDisplayViewController.m */; };
		4F5B1D6018E1D8F400148EA0 /* DZNPhotoEditorViewController.m in Sources */ = {isa = PBXBuildFile; fileRef = 4F5B1D4818E1D8F400148EA0 /* DZNPhotoEditorViewController.m */; };
		4F5B1D6118E1D8F400148EA0 /* DZNPhotoMetadata.m in Sources */ = {isa = PBXBuildFile; fileRef = 4F5B1D4A18E1D8F400148EA0 /* DZNPhotoMetadata.m */; };
		4F5B1D6218E1D8F400148EA0 /* DZNPhotoPickerController.m in Sources */ = {isa = PBXBuildFile; fileRef = 4F5B1D4C18E1D8F400148EA0 /* DZNPhotoPickerController.m */; };
		4F5B1D6318E1D8F400148EA0 /* DZNPhotoPickerControllerConstants.m in Sources */ = {isa = PBXBuildFile; fileRef = 4F5B1D4E18E1D8F400148EA0 /* DZNPhotoPickerControllerConstants.m */; };
		4F5B1D6418E1D8F400148EA0 /* DZNPhotoTag.m in Sources */ = {isa = PBXBuildFile; fileRef = 4F5B1D5018E1D8F400148EA0 /* DZNPhotoTag.m */; };
		4F5B1D6518E1D8F400148EA0 /* DZNPhotoServiceClient.m in Sources */ = {isa = PBXBuildFile; fileRef = 4F5B1D5318E1D8F400148EA0 /* DZNPhotoServiceClient.m */; };
		4F5B1D6618E1D8F400148EA0 /* DZNPhotoServiceConstants.m in Sources */ = {isa = PBXBuildFile; fileRef = 4F5B1D5618E1D8F400148EA0 /* DZNPhotoServiceConstants.m */; };
		4F5B1D6718E1D8F400148EA0 /* DZNPhotoServiceFactory.m in Sources */ = {isa = PBXBuildFile; fileRef = 4F5B1D5818E1D8F400148EA0 /* DZNPhotoServiceFactory.m */; };
		4F5B1D6818E1D8F400148EA0 /* UIImagePickerController+Block.m in Sources */ = {isa = PBXBuildFile; fileRef = 4F5B1D5B18E1D8F400148EA0 /* UIImagePickerController+Block.m */; };
		4F5B1D6918E1D8F400148EA0 /* UIImagePickerController+Edit.m in Sources */ = {isa = PBXBuildFile; fileRef = 4F5B1D5D18E1D8F400148EA0 /* UIImagePickerController+Edit.m */; };
		4F64C15918A53D9C00FBEE9A /* XCTest.framework in Frameworks */ = {isa = PBXBuildFile; fileRef = 4F570162180E5D0E00E12444 /* XCTest.framework */; };
		4F64C15A18A53D9C00FBEE9A /* Foundation.framework in Frameworks */ = {isa = PBXBuildFile; fileRef = 4F570140180E5D0E00E12444 /* Foundation.framework */; };
		4F64C15B18A53D9C00FBEE9A /* UIKit.framework in Frameworks */ = {isa = PBXBuildFile; fileRef = 4F570144180E5D0E00E12444 /* UIKit.framework */; };
		4FA4987918B866C600764406 /* DZNPhotoParsingTests.m in Sources */ = {isa = PBXBuildFile; fileRef = 4FA4986E18B866C600764406 /* DZNPhotoParsingTests.m */; };
		4FA4987B18B866C600764406 /* DZNPhotoPickerControllerTests.m in Sources */ = {isa = PBXBuildFile; fileRef = 4FA4987118B866C600764406 /* DZNPhotoPickerControllerTests.m */; };
		4FA4987C18B866C600764406 /* 500px.json in Resources */ = {isa = PBXBuildFile; fileRef = 4FA4987318B866C600764406 /* 500px.json */; };
		4FA4987D18B866C600764406 /* bing.json in Resources */ = {isa = PBXBuildFile; fileRef = 4FA4987418B866C600764406 /* bing.json */; };
		4FA4987E18B866C600764406 /* flickr.json in Resources */ = {isa = PBXBuildFile; fileRef = 4FA4987518B866C600764406 /* flickr.json */; };
		4FA4987F18B866C600764406 /* google.json in Resources */ = {isa = PBXBuildFile; fileRef = 4FA4987618B866C600764406 /* google.json */; };
		4FA4988018B866C600764406 /* instagram.json in Resources */ = {isa = PBXBuildFile; fileRef = 4FA4987718B866C600764406 /* instagram.json */; };
		4FA4988118B866C600764406 /* yahoo.json in Resources */ = {isa = PBXBuildFile; fileRef = 4FA4987818B866C600764406 /* yahoo.json */; };
/* End PBXBuildFile section */

/* Begin PBXContainerItemProxy section */
		4F64C16518A53D9C00FBEE9A /* PBXContainerItemProxy */ = {
			isa = PBXContainerItemProxy;
			containerPortal = 4F570135180E5D0E00E12444 /* Project object */;
			proxyType = 1;
			remoteGlobalIDString = 4F57013C180E5D0E00E12444;
			remoteInfo = Sample;
		};
/* End PBXContainerItemProxy section */

/* Begin PBXFileReference section */
		4F234C3E18FC7680009F536E /* UIImagePickerControllerExtended.h */ = {isa = PBXFileReference; lastKnownFileType = sourcecode.c.h; path = UIImagePickerControllerExtended.h; sourceTree = "<group>"; };
		4F484DDC18E078A900A37BC3 /* en-GB */ = {isa = PBXFileReference; lastKnownFileType = text.plist.strings; name = "en-GB"; path = "en-GB.lproj/DZNPhotoPickerController.strings"; sourceTree = "<group>"; };
		4F484DDD18E078A900A37BC3 /* en */ = {isa = PBXFileReference; lastKnownFileType = text.plist.strings; name = en; path = en.lproj/DZNPhotoPickerController.strings; sourceTree = "<group>"; };
		4F57013D180E5D0E00E12444 /* Sample.app */ = {isa = PBXFileReference; explicitFileType = wrapper.application; includeInIndex = 0; path = Sample.app; sourceTree = BUILT_PRODUCTS_DIR; };
		4F570140180E5D0E00E12444 /* Foundation.framework */ = {isa = PBXFileReference; lastKnownFileType = wrapper.framework; name = Foundation.framework; path = System/Library/Frameworks/Foundation.framework; sourceTree = SDKROOT; };
		4F570142180E5D0E00E12444 /* CoreGraphics.framework */ = {isa = PBXFileReference; lastKnownFileType = wrapper.framework; name = CoreGraphics.framework; path = System/Library/Frameworks/CoreGraphics.framework; sourceTree = SDKROOT; };
		4F570144180E5D0E00E12444 /* UIKit.framework */ = {isa = PBXFileReference; lastKnownFileType = wrapper.framework; name = UIKit.framework; path = System/Library/Frameworks/UIKit.framework; sourceTree = SDKROOT; };
		4F570148180E5D0E00E12444 /* Sample-Info.plist */ = {isa = PBXFileReference; lastKnownFileType = text.plist.xml; path = "Sample-Info.plist"; sourceTree = "<group>"; };
		4F57014C180E5D0E00E12444 /* main.m */ = {isa = PBXFileReference; lastKnownFileType = sourcecode.c.objc; path = main.m; sourceTree = "<group>"; };
		4F57014E180E5D0E00E12444 /* Sample-Prefix.pch */ = {isa = PBXFileReference; lastKnownFileType = sourcecode.c.h; path = "Sample-Prefix.pch"; sourceTree = "<group>"; };
		4F57014F180E5D0E00E12444 /* AppDelegate.h */ = {isa = PBXFileReference; lastKnownFileType = sourcecode.c.h; path = AppDelegate.h; sourceTree = "<group>"; };
		4F570150180E5D0E00E12444 /* AppDelegate.m */ = {isa = PBXFileReference; lastKnownFileType = sourcecode.c.objc; path = AppDelegate.m; sourceTree = "<group>"; };
		4F570153180E5D0E00E12444 /* Base */ = {isa = PBXFileReference; lastKnownFileType = file.storyboard; name = Base; path = Base.lproj/Main_iPhone.storyboard; sourceTree = "<group>"; };
		4F570156180E5D0E00E12444 /* Base */ = {isa = PBXFileReference; lastKnownFileType = file.storyboard; name = Base; path = Base.lproj/Main_iPad.storyboard; sourceTree = "<group>"; };
		4F570158180E5D0E00E12444 /* RootViewController.h */ = {isa = PBXFileReference; lastKnownFileType = sourcecode.c.h; path = RootViewController.h; sourceTree = "<group>"; };
		4F570159180E5D0E00E12444 /* RootViewController.m */ = {isa = PBXFileReference; lastKnownFileType = sourcecode.c.objc; path = RootViewController.m; sourceTree = "<group>"; };
		4F57015B180E5D0E00E12444 /* Images.xcassets */ = {isa = PBXFileReference; lastKnownFileType = folder.assetcatalog; path = Images.xcassets; sourceTree = "<group>"; };
		4F570162180E5D0E00E12444 /* XCTest.framework */ = {isa = PBXFileReference; lastKnownFileType = wrapper.framework; name = XCTest.framework; path = Library/Frameworks/XCTest.framework; sourceTree = DEVELOPER_DIR; };
		4F5B1D4318E1D8F400148EA0 /* DZNPhotoDisplayViewCell.h */ = {isa = PBXFileReference; fileEncoding = 4; lastKnownFileType = sourcecode.c.h; path = DZNPhotoDisplayViewCell.h; sourceTree = "<group>"; };
		4F5B1D4418E1D8F400148EA0 /* DZNPhotoDisplayViewCell.m */ = {isa = PBXFileReference; fileEncoding = 4; lastKnownFileType = sourcecode.c.objc; path = DZNPhotoDisplayViewCell.m; sourceTree = "<group>"; };
		4F5B1D4518E1D8F400148EA0 /* DZNPhotoDisplayViewController.h */ = {isa = PBXFileReference; fileEncoding = 4; lastKnownFileType = sourcecode.c.h; path = DZNPhotoDisplayViewController.h; sourceTree = "<group>"; };
		4F5B1D4618E1D8F400148EA0 /* DZNPhotoDisplayViewController.m */ = {isa = PBXFileReference; fileEncoding = 4; lastKnownFileType = sourcecode.c.objc; path = DZNPhotoDisplayViewController.m; sourceTree = "<group>"; };
		4F5B1D4718E1D8F400148EA0 /* DZNPhotoEditorViewController.h */ = {isa = PBXFileReference; fileEncoding = 4; lastKnownFileType = sourcecode.c.h; path = DZNPhotoEditorViewController.h; sourceTree = "<group>"; };
		4F5B1D4818E1D8F400148EA0 /* DZNPhotoEditorViewController.m */ = {isa = PBXFileReference; fileEncoding = 4; lastKnownFileType = sourcecode.c.objc; path = DZNPhotoEditorViewController.m; sourceTree = "<group>"; };
		4F5B1D4918E1D8F400148EA0 /* DZNPhotoMetadata.h */ = {isa = PBXFileReference; fileEncoding = 4; lastKnownFileType = sourcecode.c.h; path = DZNPhotoMetadata.h; sourceTree = "<group>"; };
		4F5B1D4A18E1D8F400148EA0 /* DZNPhotoMetadata.m */ = {isa = PBXFileReference; fileEncoding = 4; lastKnownFileType = sourcecode.c.objc; path = DZNPhotoMetadata.m; sourceTree = "<group>"; };
		4F5B1D4B18E1D8F400148EA0 /* DZNPhotoPickerController.h */ = {isa = PBXFileReference; fileEncoding = 4; lastKnownFileType = sourcecode.c.h; path = DZNPhotoPickerController.h; sourceTree = "<group>"; };
		4F5B1D4C18E1D8F400148EA0 /* DZNPhotoPickerController.m */ = {isa = PBXFileReference; fileEncoding = 4; lastKnownFileType = sourcecode.c.objc; path = DZNPhotoPickerController.m; sourceTree = "<group>"; };
		4F5B1D4D18E1D8F400148EA0 /* DZNPhotoPickerControllerConstants.h */ = {isa = PBXFileReference; fileEncoding = 4; lastKnownFileType = sourcecode.c.h; path = DZNPhotoPickerControllerConstants.h; sourceTree = "<group>"; };
		4F5B1D4E18E1D8F400148EA0 /* DZNPhotoPickerControllerConstants.m */ = {isa = PBXFileReference; fileEncoding = 4; lastKnownFileType = sourcecode.c.objc; path = DZNPhotoPickerControllerConstants.m; sourceTree = "<group>"; };
		4F5B1D4F18E1D8F400148EA0 /* DZNPhotoTag.h */ = {isa = PBXFileReference; fileEncoding = 4; lastKnownFileType = sourcecode.c.h; path = DZNPhotoTag.h; sourceTree = "<group>"; };
		4F5B1D5018E1D8F400148EA0 /* DZNPhotoTag.m */ = {isa = PBXFileReference; fileEncoding = 4; lastKnownFileType = sourcecode.c.objc; path = DZNPhotoTag.m; sourceTree = "<group>"; };
		4F5B1D5218E1D8F400148EA0 /* DZNPhotoServiceClient.h */ = {isa = PBXFileReference; fileEncoding = 4; lastKnownFileType = sourcecode.c.h; path = DZNPhotoServiceClient.h; sourceTree = "<group>"; };
		4F5B1D5318E1D8F400148EA0 /* DZNPhotoServiceClient.m */ = {isa = PBXFileReference; fileEncoding = 4; lastKnownFileType = sourcecode.c.objc; path = DZNPhotoServiceClient.m; sourceTree = "<group>"; };
		4F5B1D5418E1D8F400148EA0 /* DZNPhotoServiceClientProtocol.h */ = {isa = PBXFileReference; fileEncoding = 4; lastKnownFileType = sourcecode.c.h; path = DZNPhotoServiceClientProtocol.h; sourceTree = "<group>"; };
		4F5B1D5518E1D8F400148EA0 /* DZNPhotoServiceConstants.h */ = {isa = PBXFileReference; fileEncoding = 4; lastKnownFileType = sourcecode.c.h; path = DZNPhotoServiceConstants.h; sourceTree = "<group>"; };
		4F5B1D5618E1D8F400148EA0 /* DZNPhotoServiceConstants.m */ = {isa = PBXFileReference; fileEncoding = 4; lastKnownFileType = sourcecode.c.objc; path = DZNPhotoServiceConstants.m; sourceTree = "<group>"; };
		4F5B1D5718E1D8F400148EA0 /* DZNPhotoServiceFactory.h */ = {isa = PBXFileReference; fileEncoding = 4; lastKnownFileType = sourcecode.c.h; path = DZNPhotoServiceFactory.h; sourceTree = "<group>"; };
		4F5B1D5818E1D8F400148EA0 /* DZNPhotoServiceFactory.m */ = {isa = PBXFileReference; fileEncoding = 4; lastKnownFileType = sourcecode.c.objc; path = DZNPhotoServiceFactory.m; sourceTree = "<group>"; };
		4F5B1D5A18E1D8F400148EA0 /* UIImagePickerController+Block.h */ = {isa = PBXFileReference; fileEncoding = 4; lastKnownFileType = sourcecode.c.h; path = "UIImagePickerController+Block.h"; sourceTree = "<group>"; };
		4F5B1D5B18E1D8F400148EA0 /* UIImagePickerController+Block.m */ = {isa = PBXFileReference; fileEncoding = 4; lastKnownFileType = sourcecode.c.objc; path = "UIImagePickerController+Block.m"; sourceTree = "<group>"; };
		4F5B1D5C18E1D8F400148EA0 /* UIImagePickerController+Edit.h */ = {isa = PBXFileReference; fileEncoding = 4; lastKnownFileType = sourcecode.c.h; path = "UIImagePickerController+Edit.h"; sourceTree = "<group>"; };
		4F5B1D5D18E1D8F400148EA0 /* UIImagePickerController+Edit.m */ = {isa = PBXFileReference; fileEncoding = 4; lastKnownFileType = sourcecode.c.objc; path = "UIImagePickerController+Edit.m"; sourceTree = "<group>"; };
		4F64C15818A53D9C00FBEE9A /* Test.xctest */ = {isa = PBXFileReference; explicitFileType = wrapper.cfbundle; includeInIndex = 0; path = Test.xctest; sourceTree = BUILT_PRODUCTS_DIR; };
		4F97B28F18B066E500DED8C0 /* libcommonCrypto.dylib */ = {isa = PBXFileReference; lastKnownFileType = "compiled.mach-o.dylib"; name = libcommonCrypto.dylib; path = usr/lib/system/libcommonCrypto.dylib; sourceTree = SDKROOT; };
		4FA4986E18B866C600764406 /* DZNPhotoParsingTests.m */ = {isa = PBXFileReference; fileEncoding = 4; lastKnownFileType = sourcecode.c.objc; path = DZNPhotoParsingTests.m; sourceTree = "<group>"; };
		4FA4986F18B866C600764406 /* DZNPhotoPickerControllerTests-Info.plist */ = {isa = PBXFileReference; fileEncoding = 4; lastKnownFileType = text.plist.xml; path = "DZNPhotoPickerControllerTests-Info.plist"; sourceTree = "<group>"; };
		4FA4987018B866C600764406 /* DZNPhotoPickerControllerTests-Prefix.pch */ = {isa = PBXFileReference; fileEncoding = 4; lastKnownFileType = sourcecode.c.h; path = "DZNPhotoPickerControllerTests-Prefix.pch"; sourceTree = "<group>"; };
		4FA4987118B866C600764406 /* DZNPhotoPickerControllerTests.m */ = {isa = PBXFileReference; fileEncoding = 4; lastKnownFileType = sourcecode.c.objc; path = DZNPhotoPickerControllerTests.m; sourceTree = "<group>"; };
		4FA4987318B866C600764406 /* 500px.json */ = {isa = PBXFileReference; fileEncoding = 4; lastKnownFileType = text.json; path = 500px.json; sourceTree = "<group>"; };
		4FA4987418B866C600764406 /* bing.json */ = {isa = PBXFileReference; fileEncoding = 4; lastKnownFileType = text.json; path = bing.json; sourceTree = "<group>"; };
		4FA4987518B866C600764406 /* flickr.json */ = {isa = PBXFileReference; fileEncoding = 4; lastKnownFileType = text.json; path = flickr.json; sourceTree = "<group>"; };
		4FA4987618B866C600764406 /* google.json */ = {isa = PBXFileReference; fileEncoding = 4; lastKnownFileType = text.json; path = google.json; sourceTree = "<group>"; };
		4FA4987718B866C600764406 /* instagram.json */ = {isa = PBXFileReference; fileEncoding = 4; lastKnownFileType = text.json; path = instagram.json; sourceTree = "<group>"; };
		4FA4987818B866C600764406 /* yahoo.json */ = {isa = PBXFileReference; fileEncoding = 4; lastKnownFileType = text.json; path = yahoo.json; sourceTree = "<group>"; };
		4FD61C0618759E0D0048DC0C /* Private.h */ = {isa = PBXFileReference; lastKnownFileType = sourcecode.c.h; path = Private.h; sourceTree = "<group>"; };
		81CB7D6B303A4384A940032C /* libPods.a */ = {isa = PBXFileReference; explicitFileType = archive.ar; includeInIndex = 0; path = libPods.a; sourceTree = BUILT_PRODUCTS_DIR; };
		880742B9C52B4EC59B669AE3 /* Pods.xcconfig */ = {isa = PBXFileReference; includeInIndex = 1; lastKnownFileType = text.xcconfig; name = Pods.xcconfig; path = Pods/Pods.xcconfig; sourceTree = SOURCE_ROOT; };
/* End PBXFileReference section */

/* Begin PBXFrameworksBuildPhase section */
		4F57013A180E5D0E00E12444 /* Frameworks */ = {
			isa = PBXFrameworksBuildPhase;
			buildActionMask = 2147483647;
			files = (
				4F570143180E5D0E00E12444 /* CoreGraphics.framework in Frameworks */,
				4F570145180E5D0E00E12444 /* UIKit.framework in Frameworks */,
				4F570141180E5D0E00E12444 /* Foundation.framework in Frameworks */,
				09545463FFA2473F9F223361 /* libPods.a in Frameworks */,
			);
			runOnlyForDeploymentPostprocessing = 0;
		};
		4F64C15518A53D9C00FBEE9A /* Frameworks */ = {
			isa = PBXFrameworksBuildPhase;
			buildActionMask = 2147483647;
			files = (
				4F64C15918A53D9C00FBEE9A /* XCTest.framework in Frameworks */,
				4F64C15B18A53D9C00FBEE9A /* UIKit.framework in Frameworks */,
				4F64C15A18A53D9C00FBEE9A /* Foundation.framework in Frameworks */,
			);
			runOnlyForDeploymentPostprocessing = 0;
		};
/* End PBXFrameworksBuildPhase section */

/* Begin PBXGroup section */
		4F484DC018E078A900A37BC3 /* Source */ = {
			isa = PBXGroup;
			children = (
				4F5B1D4218E1D8F400148EA0 /* Classes */,
				4F484DDA18E078A900A37BC3 /* Resources */,
			);
			name = Source;
			path = ../../Source;
			sourceTree = "<group>";
		};
		4F484DDA18E078A900A37BC3 /* Resources */ = {
			isa = PBXGroup;
			children = (
				4F484DDB18E078A900A37BC3 /* DZNPhotoPickerController.strings */,
			);
			path = Resources;
			sourceTree = "<group>";
		};
		4F570134180E5D0E00E12444 = {
			isa = PBXGroup;
			children = (
				4F484DC018E078A900A37BC3 /* Source */,
				4F570146180E5D0E00E12444 /* Sample */,
				4FA4986D18B866C600764406 /* Test */,
				4F57013F180E5D0E00E12444 /* Frameworks */,
				4F57013E180E5D0E00E12444 /* Products */,
			);
			sourceTree = "<group>";
		};
		4F57013E180E5D0E00E12444 /* Products */ = {
			isa = PBXGroup;
			children = (
				4F57013D180E5D0E00E12444 /* Sample.app */,
				4F64C15818A53D9C00FBEE9A /* Test.xctest */,
			);
			name = Products;
			sourceTree = "<group>";
		};
		4F57013F180E5D0E00E12444 /* Frameworks */ = {
			isa = PBXGroup;
			children = (
				4F97B28F18B066E500DED8C0 /* libcommonCrypto.dylib */,
				4F570140180E5D0E00E12444 /* Foundation.framework */,
				4F570142180E5D0E00E12444 /* CoreGraphics.framework */,
				4F570144180E5D0E00E12444 /* UIKit.framework */,
				4F570162180E5D0E00E12444 /* XCTest.framework */,
				81CB7D6B303A4384A940032C /* libPods.a */,
			);
			name = Frameworks;
			sourceTree = "<group>";
		};
		4F570146180E5D0E00E12444 /* Sample */ = {
			isa = PBXGroup;
			children = (
				4F57014F180E5D0E00E12444 /* AppDelegate.h */,
				4F570150180E5D0E00E12444 /* AppDelegate.m */,
				4F570158180E5D0E00E12444 /* RootViewController.h */,
				4F570159180E5D0E00E12444 /* RootViewController.m */,
				4FD61C0618759E0D0048DC0C /* Private.h */,
				4F570147180E5D0E00E12444 /* Supporting Files */,
			);
			path = Sample;
			sourceTree = "<group>";
		};
		4F570147180E5D0E00E12444 /* Supporting Files */ = {
			isa = PBXGroup;
			children = (
				4F57015B180E5D0E00E12444 /* Images.xcassets */,
				4F570152180E5D0E00E12444 /* Main_iPhone.storyboard */,
				4F570155180E5D0E00E12444 /* Main_iPad.storyboard */,
				4F570148180E5D0E00E12444 /* Sample-Info.plist */,
				4F57014C180E5D0E00E12444 /* main.m */,
				4F57014E180E5D0E00E12444 /* Sample-Prefix.pch */,
				880742B9C52B4EC59B669AE3 /* Pods.xcconfig */,
			);
			name = "Supporting Files";
			sourceTree = "<group>";
		};
		4F5B1D4218E1D8F400148EA0 /* Classes */ = {
			isa = PBXGroup;
			children = (
				4F5B1D4B18E1D8F400148EA0 /* DZNPhotoPickerController.h */,
				4F5B1D4C18E1D8F400148EA0 /* DZNPhotoPickerController.m */,
				4F5B1D4518E1D8F400148EA0 /* DZNPhotoDisplayViewController.h */,
				4F5B1D4618E1D8F400148EA0 /* DZNPhotoDisplayViewController.m */,
				4F5B1D4718E1D8F400148EA0 /* DZNPhotoEditorViewController.h */,
				4F5B1D4818E1D8F400148EA0 /* DZNPhotoEditorViewController.m */,
				4F5B1D4318E1D8F400148EA0 /* DZNPhotoDisplayViewCell.h */,
				4F5B1D4418E1D8F400148EA0 /* DZNPhotoDisplayViewCell.m */,
				4F5B1D4D18E1D8F400148EA0 /* DZNPhotoPickerControllerConstants.h */,
				4F5B1D4E18E1D8F400148EA0 /* DZNPhotoPickerControllerConstants.m */,
				4F5B1D4918E1D8F400148EA0 /* DZNPhotoMetadata.h */,
				4F5B1D4A18E1D8F400148EA0 /* DZNPhotoMetadata.m */,
				4F5B1D4F18E1D8F400148EA0 /* DZNPhotoTag.h */,
				4F5B1D5018E1D8F400148EA0 /* DZNPhotoTag.m */,
				4F5B1D5118E1D8F400148EA0 /* ServicesAPI */,
				4F5B1D5918E1D8F400148EA0 /* UIImagePickerController */,
			);
			path = Classes;
			sourceTree = "<group>";
		};
		4F5B1D5118E1D8F400148EA0 /* ServicesAPI */ = {
			isa = PBXGroup;
			children = (
				4F5B1D5218E1D8F400148EA0 /* DZNPhotoServiceClient.h */,
				4F5B1D5318E1D8F400148EA0 /* DZNPhotoServiceClient.m */,
				4F5B1D5418E1D8F400148EA0 /* DZNPhotoServiceClientProtocol.h */,
				4F5B1D5518E1D8F400148EA0 /* DZNPhotoServiceConstants.h */,
				4F5B1D5618E1D8F400148EA0 /* DZNPhotoServiceConstants.m */,
				4F5B1D5718E1D8F400148EA0 /* DZNPhotoServiceFactory.h */,
				4F5B1D5818E1D8F400148EA0 /* DZNPhotoServiceFactory.m */,
			);
			path = ServicesAPI;
			sourceTree = "<group>";
		};
		4F5B1D5918E1D8F400148EA0 /* UIImagePickerController */ = {
			isa = PBXGroup;
			children = (
				4F234C3E18FC7680009F536E /* UIImagePickerControllerExtended.h */,
				4F5B1D5C18E1D8F400148EA0 /* UIImagePickerController+Edit.h */,
				4F5B1D5D18E1D8F400148EA0 /* UIImagePickerController+Edit.m */,
				4F5B1D5A18E1D8F400148EA0 /* UIImagePickerController+Block.h */,
				4F5B1D5B18E1D8F400148EA0 /* UIImagePickerController+Block.m */,
			);
			path = UIImagePickerController;
			sourceTree = "<group>";
		};
		4FA4986D18B866C600764406 /* Test */ = {
			isa = PBXGroup;
			children = (
				4FA4986E18B866C600764406 /* DZNPhotoParsingTests.m */,
				4FA4986F18B866C600764406 /* DZNPhotoPickerControllerTests-Info.plist */,
				4FA4987018B866C600764406 /* DZNPhotoPickerControllerTests-Prefix.pch */,
				4FA4987118B866C600764406 /* DZNPhotoPickerControllerTests.m */,
				4FA4987218B866C600764406 /* Fixtures */,
			);
			name = Test;
			path = ../../Test;
			sourceTree = "<group>";
		};
		4FA4987218B866C600764406 /* Fixtures */ = {
			isa = PBXGroup;
			children = (
				4FA4987318B866C600764406 /* 500px.json */,
				4FA4987418B866C600764406 /* bing.json */,
				4FA4987518B866C600764406 /* flickr.json */,
				4FA4987618B866C600764406 /* google.json */,
				4FA4987718B866C600764406 /* instagram.json */,
				4FA4987818B866C600764406 /* yahoo.json */,
			);
			path = Fixtures;
			sourceTree = "<group>";
		};
/* End PBXGroup section */

/* Begin PBXNativeTarget section */
		4F57013C180E5D0E00E12444 /* Sample */ = {
			isa = PBXNativeTarget;
			buildConfigurationList = 4F570172180E5D0E00E12444 /* Build configuration list for PBXNativeTarget "Sample" */;
			buildPhases = (
				30F253B1AD844622AB18D569 /* Check Pods Manifest.lock */,
				4F570139180E5D0E00E12444 /* Sources */,
				4F57013A180E5D0E00E12444 /* Frameworks */,
				4F57013B180E5D0E00E12444 /* Resources */,
				6DF7EC06DF4B4B1BA525B2C5 /* Copy Pods Resources */,
			);
			buildRules = (
			);
			dependencies = (
			);
			name = Sample;
			productName = Sample;
			productReference = 4F57013D180E5D0E00E12444 /* Sample.app */;
			productType = "com.apple.product-type.application";
		};
		4F64C15718A53D9C00FBEE9A /* Test */ = {
			isa = PBXNativeTarget;
			buildConfigurationList = 4F64C16918A53D9C00FBEE9A /* Build configuration list for PBXNativeTarget "Test" */;
			buildPhases = (
				4F64C15418A53D9C00FBEE9A /* Sources */,
				4F64C15518A53D9C00FBEE9A /* Frameworks */,
				4F64C15618A53D9C00FBEE9A /* Resources */,
			);
			buildRules = (
			);
			dependencies = (
				4F64C16618A53D9C00FBEE9A /* PBXTargetDependency */,
			);
			name = Test;
			productName = DZNPhotoTests;
			productReference = 4F64C15818A53D9C00FBEE9A /* Test.xctest */;
			productType = "com.apple.product-type.bundle.unit-test";
		};
/* End PBXNativeTarget section */

/* Begin PBXProject section */
		4F570135180E5D0E00E12444 /* Project object */ = {
			isa = PBXProject;
			attributes = {
				CLASSPREFIX = DZN;
				LastUpgradeCheck = 0510;
				ORGANIZATIONNAME = "DZN Labs";
				TargetAttributes = {
					4F64C15718A53D9C00FBEE9A = {
						TestTargetID = 4F57013C180E5D0E00E12444;
					};
				};
			};
			buildConfigurationList = 4F570138180E5D0E00E12444 /* Build configuration list for PBXProject "Sample" */;
			compatibilityVersion = "Xcode 3.2";
			developmentRegion = English;
			hasScannedForEncodings = 0;
			knownRegions = (
				en,
				Base,
				"en-GB",
			);
			mainGroup = 4F570134180E5D0E00E12444;
			productRefGroup = 4F57013E180E5D0E00E12444 /* Products */;
			projectDirPath = "";
			projectRoot = "";
			targets = (
				4F57013C180E5D0E00E12444 /* Sample */,
				4F4ADE92182DD9C9007AC796 /* Documentation */,
				4F64C15718A53D9C00FBEE9A /* Test */,
			);
		};
/* End PBXProject section */

/* Begin PBXResourcesBuildPhase section */
		4F57013B180E5D0E00E12444 /* Resources */ = {
			isa = PBXResourcesBuildPhase;
			buildActionMask = 2147483647;
			files = (
				4F484DE918E078A900A37BC3 /* DZNPhotoPickerController.strings in Resources */,
				4F570157180E5D0E00E12444 /* Main_iPad.storyboard in Resources */,
				4F57015C180E5D0E00E12444 /* Images.xcassets in Resources */,
				4F570154180E5D0E00E12444 /* Main_iPhone.storyboard in Resources */,
			);
			runOnlyForDeploymentPostprocessing = 0;
		};
		4F64C15618A53D9C00FBEE9A /* Resources */ = {
			isa = PBXResourcesBuildPhase;
			buildActionMask = 2147483647;
			files = (
				4FA4987F18B866C600764406 /* google.json in Resources */,
				4FA4988018B866C600764406 /* instagram.json in Resources */,
				4FA4987C18B866C600764406 /* 500px.json in Resources */,
				4FA4987E18B866C600764406 /* flickr.json in Resources */,
				4FA4987D18B866C600764406 /* bing.json in Resources */,
				4FA4988118B866C600764406 /* yahoo.json in Resources */,
			);
			runOnlyForDeploymentPostprocessing = 0;
		};
/* End PBXResourcesBuildPhase section */

/* Begin PBXShellScriptBuildPhase section */
		30F253B1AD844622AB18D569 /* Check Pods Manifest.lock */ = {
			isa = PBXShellScriptBuildPhase;
			buildActionMask = 2147483647;
			files = (
			);
			inputPaths = (
			);
			name = "Check Pods Manifest.lock";
			outputPaths = (
			);
			runOnlyForDeploymentPostprocessing = 0;
			shellPath = /bin/sh;
			shellScript = "diff \"${PODS_ROOT}/../Podfile.lock\" \"${PODS_ROOT}/Manifest.lock\" > /dev/null\nif [[ $? != 0 ]] ; then\n    cat << EOM\nerror: The sandbox is not in sync with the Podfile.lock. Run 'pod install' or update your CocoaPods installation.\nEOM\n    exit 1\nfi\n";
			showEnvVarsInLog = 0;
		};
		6DF7EC06DF4B4B1BA525B2C5 /* Copy Pods Resources */ = {
			isa = PBXShellScriptBuildPhase;
			buildActionMask = 2147483647;
			files = (
			);
			inputPaths = (
			);
			name = "Copy Pods Resources";
			outputPaths = (
			);
			runOnlyForDeploymentPostprocessing = 0;
			shellPath = /bin/sh;
			shellScript = "\"${SRCROOT}/Pods/Pods-resources.sh\"\n";
			showEnvVarsInLog = 0;
		};
/* End PBXShellScriptBuildPhase section */

/* Begin PBXSourcesBuildPhase section */
		4F570139180E5D0E00E12444 /* Sources */ = {
			isa = PBXSourcesBuildPhase;
			buildActionMask = 2147483647;
			files = (
				4F570151180E5D0E00E12444 /* AppDelegate.m in Sources */,
				4F5B1D6718E1D8F400148EA0 /* DZNPhotoServiceFactory.m in Sources */,
				4F5B1D6918E1D8F400148EA0 /* UIImagePickerController+Edit.m in Sources */,
				4F5B1D6118E1D8F400148EA0 /* DZNPhotoMetadata.m in Sources */,
				4F5B1D5F18E1D8F400148EA0 /* DZNPhotoDisplayViewController.m in Sources */,
				4F57015A180E5D0E00E12444 /* RootViewController.m in Sources */,
				4F57014D180E5D0E00E12444 /* main.m in Sources */,
				4F5B1D6518E1D8F400148EA0 /* DZNPhotoServiceClient.m in Sources */,
				4F5B1D6318E1D8F400148EA0 /* DZNPhotoPickerControllerConstants.m in Sources */,
				4F5B1D6218E1D8F400148EA0 /* DZNPhotoPickerController.m in Sources */,
				4F5B1D6818E1D8F400148EA0 /* UIImagePickerController+Block.m in Sources */,
				4F5B1D6018E1D8F400148EA0 /* DZNPhotoEditorViewController.m in Sources */,
				4F5B1D6618E1D8F400148EA0 /* DZNPhotoServiceConstants.m in Sources */,
				4F5B1D6418E1D8F400148EA0 /* DZNPhotoTag.m in Sources */,
				4F5B1D5E18E1D8F400148EA0 /* DZNPhotoDisplayViewCell.m in Sources */,
			);
			runOnlyForDeploymentPostprocessing = 0;
		};
		4F64C15418A53D9C00FBEE9A /* Sources */ = {
			isa = PBXSourcesBuildPhase;
			buildActionMask = 2147483647;
			files = (
				4FA4987918B866C600764406 /* DZNPhotoParsingTests.m in Sources */,
				4FA4987B18B866C600764406 /* DZNPhotoPickerControllerTests.m in Sources */,
			);
			runOnlyForDeploymentPostprocessing = 0;
		};
/* End PBXSourcesBuildPhase section */

/* Begin PBXTargetDependency section */
		4F64C16618A53D9C00FBEE9A /* PBXTargetDependency */ = {
			isa = PBXTargetDependency;
			target = 4F57013C180E5D0E00E12444 /* Sample */;
			targetProxy = 4F64C16518A53D9C00FBEE9A /* PBXContainerItemProxy */;
		};
/* End PBXTargetDependency section */

/* Begin PBXVariantGroup section */
		4F484DDB18E078A900A37BC3 /* DZNPhotoPickerController.strings */ = {
			isa = PBXVariantGroup;
			children = (
				4F484DDC18E078A900A37BC3 /* en-GB */,
				4F484DDD18E078A900A37BC3 /* en */,
			);
			name = DZNPhotoPickerController.strings;
			sourceTree = "<group>";
		};
		4F570152180E5D0E00E12444 /* Main_iPhone.storyboard */ = {
			isa = PBXVariantGroup;
			children = (
				4F570153180E5D0E00E12444 /* Base */,
			);
			name = Main_iPhone.storyboard;
			sourceTree = "<group>";
		};
		4F570155180E5D0E00E12444 /* Main_iPad.storyboard */ = {
			isa = PBXVariantGroup;
			children = (
				4F570156180E5D0E00E12444 /* Base */,
			);
			name = Main_iPad.storyboard;
			sourceTree = "<group>";
		};
/* End PBXVariantGroup section */

/* Begin XCBuildConfiguration section */
		4F4ADE93182DD9C9007AC796 /* Debug */ = {
			isa = XCBuildConfiguration;
			buildSettings = {
				PRODUCT_NAME = "$(TARGET_NAME)";
			};
			name = Debug;
		};
		4F4ADE94182DD9C9007AC796 /* Release */ = {
			isa = XCBuildConfiguration;
			buildSettings = {
				PRODUCT_NAME = "$(TARGET_NAME)";
			};
			name = Release;
		};
		4F570170180E5D0E00E12444 /* Debug */ = {
			isa = XCBuildConfiguration;
			buildSettings = {
				ALWAYS_SEARCH_USER_PATHS = NO;
				CLANG_CXX_LANGUAGE_STANDARD = "gnu++0x";
				CLANG_CXX_LIBRARY = "libc++";
				CLANG_ENABLE_MODULES = YES;
				CLANG_ENABLE_OBJC_ARC = YES;
				CLANG_WARN_BOOL_CONVERSION = YES;
				CLANG_WARN_CONSTANT_CONVERSION = YES;
				CLANG_WARN_DIRECT_OBJC_ISA_USAGE = YES_ERROR;
				CLANG_WARN_EMPTY_BODY = YES;
				CLANG_WARN_ENUM_CONVERSION = YES;
				CLANG_WARN_INT_CONVERSION = YES;
				CLANG_WARN_OBJC_ROOT_CLASS = YES_ERROR;
				CLANG_WARN__DUPLICATE_METHOD_MATCH = YES;
				"CODE_SIGN_IDENTITY[sdk=iphoneos*]" = "iPhone Developer";
				COPY_PHASE_STRIP = NO;
				GCC_C_LANGUAGE_STANDARD = gnu99;
				GCC_DYNAMIC_NO_PIC = NO;
				GCC_OPTIMIZATION_LEVEL = 0;
				GCC_PREPROCESSOR_DEFINITIONS = (
					"DEBUG=1",
					"$(inherited)",
				);
				GCC_SYMBOLS_PRIVATE_EXTERN = NO;
				GCC_WARN_64_TO_32_BIT_CONVERSION = YES;
				GCC_WARN_ABOUT_RETURN_TYPE = YES_ERROR;
				GCC_WARN_UNDECLARED_SELECTOR = YES;
				GCC_WARN_UNINITIALIZED_AUTOS = YES;
				GCC_WARN_UNUSED_FUNCTION = YES;
				GCC_WARN_UNUSED_VARIABLE = YES;
				IPHONEOS_DEPLOYMENT_TARGET = 7.0;
				ONLY_ACTIVE_ARCH = YES;
				SDKROOT = iphoneos;
				TARGETED_DEVICE_FAMILY = "1,2";
			};
			name = Debug;
		};
		4F570171180E5D0E00E12444 /* Release */ = {
			isa = XCBuildConfiguration;
			buildSettings = {
				ALWAYS_SEARCH_USER_PATHS = NO;
				CLANG_CXX_LANGUAGE_STANDARD = "gnu++0x";
				CLANG_CXX_LIBRARY = "libc++";
				CLANG_ENABLE_MODULES = YES;
				CLANG_ENABLE_OBJC_ARC = YES;
				CLANG_WARN_BOOL_CONVERSION = YES;
				CLANG_WARN_CONSTANT_CONVERSION = YES;
				CLANG_WARN_DIRECT_OBJC_ISA_USAGE = YES_ERROR;
				CLANG_WARN_EMPTY_BODY = YES;
				CLANG_WARN_ENUM_CONVERSION = YES;
				CLANG_WARN_INT_CONVERSION = YES;
				CLANG_WARN_OBJC_ROOT_CLASS = YES_ERROR;
				CLANG_WARN__DUPLICATE_METHOD_MATCH = YES;
				"CODE_SIGN_IDENTITY[sdk=iphoneos*]" = "iPhone Developer";
				COPY_PHASE_STRIP = YES;
				ENABLE_NS_ASSERTIONS = NO;
				GCC_C_LANGUAGE_STANDARD = gnu99;
				GCC_WARN_64_TO_32_BIT_CONVERSION = YES;
				GCC_WARN_ABOUT_RETURN_TYPE = YES_ERROR;
				GCC_WARN_UNDECLARED_SELECTOR = YES;
				GCC_WARN_UNINITIALIZED_AUTOS = YES;
				GCC_WARN_UNUSED_FUNCTION = YES;
				GCC_WARN_UNUSED_VARIABLE = YES;
				IPHONEOS_DEPLOYMENT_TARGET = 7.0;
				SDKROOT = iphoneos;
				TARGETED_DEVICE_FAMILY = "1,2";
				VALIDATE_PRODUCT = YES;
			};
			name = Release;
		};
		4F570173180E5D0E00E12444 /* Debug */ = {
			isa = XCBuildConfiguration;
			baseConfigurationReference = 880742B9C52B4EC59B669AE3 /* Pods.xcconfig */;
			buildSettings = {
				ASSETCATALOG_COMPILER_APPICON_NAME = AppIcon;
				ASSETCATALOG_COMPILER_LAUNCHIMAGE_NAME = LaunchImage;
				GCC_PRECOMPILE_PREFIX_HEADER = YES;
				GCC_PREFIX_HEADER = "Sample/Sample-Prefix.pch";
				INFOPLIST_FILE = "Sample/Sample-Info.plist";
				PRODUCT_NAME = "$(TARGET_NAME)";
				WRAPPER_EXTENSION = app;
			};
			name = Debug;
		};
		4F570174180E5D0E00E12444 /* Release */ = {
			isa = XCBuildConfiguration;
			baseConfigurationReference = 880742B9C52B4EC59B669AE3 /* Pods.xcconfig */;
			buildSettings = {
				ASSETCATALOG_COMPILER_APPICON_NAME = AppIcon;
				ASSETCATALOG_COMPILER_LAUNCHIMAGE_NAME = LaunchImage;
				GCC_PRECOMPILE_PREFIX_HEADER = YES;
				GCC_PREFIX_HEADER = "Sample/Sample-Prefix.pch";
				INFOPLIST_FILE = "Sample/Sample-Info.plist";
				PRODUCT_NAME = "$(TARGET_NAME)";
				WRAPPER_EXTENSION = app;
			};
			name = Release;
		};
		4F64C16718A53D9C00FBEE9A /* Debug */ = {
			isa = XCBuildConfiguration;
			buildSettings = {
				BUNDLE_LOADER = "$(BUILT_PRODUCTS_DIR)/Sample.app/Sample";
				FRAMEWORK_SEARCH_PATHS = (
					"$(SDKROOT)/Developer/Library/Frameworks",
					"$(inherited)",
					"$(DEVELOPER_FRAMEWORKS_DIR)",
				);
				GCC_PRECOMPILE_PREFIX_HEADER = YES;
				GCC_PREFIX_HEADER = "../../Test/DZNPhotoPickerControllerTests-Prefix.pch";
				GCC_PREPROCESSOR_DEFINITIONS = (
					"DEBUG=1",
					"$(inherited)",
				);
				INFOPLIST_FILE = "../../Test/DZNPhotoPickerControllerTests-Info.plist";
				LIBRARY_SEARCH_PATHS = (
					"$(inherited)",
					"$(SDKROOT)/usr/lib/system",
				);
				PRODUCT_NAME = "$(TARGET_NAME)";
				TEST_HOST = "$(BUNDLE_LOADER)";
				WRAPPER_EXTENSION = xctest;
			};
			name = Debug;
		};
		4F64C16818A53D9C00FBEE9A /* Release */ = {
			isa = XCBuildConfiguration;
			buildSettings = {
				BUNDLE_LOADER = "$(BUILT_PRODUCTS_DIR)/Sample.app/Sample";
				FRAMEWORK_SEARCH_PATHS = (
					"$(SDKROOT)/Developer/Library/Frameworks",
					"$(inherited)",
					"$(DEVELOPER_FRAMEWORKS_DIR)",
				);
				GCC_PRECOMPILE_PREFIX_HEADER = YES;
				GCC_PREFIX_HEADER = "../../Test/DZNPhotoPickerControllerTests-Prefix.pch";
				INFOPLIST_FILE = "../../Test/DZNPhotoPickerControllerTests-Info.plist";
				LIBRARY_SEARCH_PATHS = (
					"$(inherited)",
					"$(SDKROOT)/usr/lib/system",
				);
				PRODUCT_NAME = "$(TARGET_NAME)";
				TEST_HOST = "$(BUNDLE_LOADER)";
				WRAPPER_EXTENSION = xctest;
			};
			name = Release;
		};
/* End XCBuildConfiguration section */

/* Begin XCConfigurationList section */
		4F4ADE95182DD9C9007AC796 /* Build configuration list for PBXAggregateTarget "Documentation" */ = {
			isa = XCConfigurationList;
			buildConfigurations = (
				4F4ADE93182DD9C9007AC796 /* Debug */,
				4F4ADE94182DD9C9007AC796 /* Release */,
			);
			defaultConfigurationIsVisible = 0;
			defaultConfigurationName = Release;
		};
		4F570138180E5D0E00E12444 /* Build configuration list for PBXProject "Sample" */ = {
			isa = XCConfigurationList;
			buildConfigurations = (
				4F570170180E5D0E00E12444 /* Debug */,
				4F570171180E5D0E00E12444 /* Release */,
			);
			defaultConfigurationIsVisible = 0;
			defaultConfigurationName = Release;
		};
		4F570172180E5D0E00E12444 /* Build configuration list for PBXNativeTarget "Sample" */ = {
			isa = XCConfigurationList;
			buildConfigurations = (
				4F570173180E5D0E00E12444 /* Debug */,
				4F570174180E5D0E00E12444 /* Release */,
			);
			defaultConfigurationIsVisible = 0;
			defaultConfigurationName = Release;
		};
		4F64C16918A53D9C00FBEE9A /* Build configuration list for PBXNativeTarget "Test" */ = {
			isa = XCConfigurationList;
			buildConfigurations = (
				4F64C16718A53D9C00FBEE9A /* Debug */,
				4F64C16818A53D9C00FBEE9A /* Release */,
			);
			defaultConfigurationIsVisible = 0;
			defaultConfigurationName = Release;
		};
/* End XCConfigurationList section */
	};
	rootObject = 4F570135180E5D0E00E12444 /* Project object */;
}
