<?xml version="1.0" encoding="UTF-8"?>
<!DOCTYPE plist PUBLIC "-//Apple//DTD PLIST 1.0//EN" "http://www.apple.com/DTDs/PropertyList-1.0.dtd">
<plist version="1.0">
<dict>
	<key>archiveVersion</key>
	<string>1</string>
	<key>classes</key>
	<dict/>
	<key>objectVersion</key>
	<string>46</string>
	<key>objects</key>
	<dict>
		<key>09545463FFA2473F9F223361</key>
		<dict>
			<key>fileRef</key>
			<string>81CB7D6B303A4384A940032C</string>
			<key>isa</key>
			<string>PBXBuildFile</string>
		</dict>
		<key>17B09AED4E1C444266610DF5</key>
		<dict>
			<key>includeInIndex</key>
			<string>1</string>
			<key>isa</key>
			<string>PBXFileReference</string>
			<key>lastKnownFileType</key>
			<string>text.xcconfig</string>
			<key>name</key>
			<string>Pods.debug.xcconfig</string>
			<key>path</key>
			<string>Pods/Target Support Files/Pods/Pods.debug.xcconfig</string>
			<key>sourceTree</key>
			<string>&lt;group&gt;</string>
		</dict>
		<key>30F253B1AD844622AB18D569</key>
		<dict>
			<key>buildActionMask</key>
			<string>2147483647</string>
			<key>files</key>
			<array/>
			<key>inputPaths</key>
			<array/>
			<key>isa</key>
			<string>PBXShellScriptBuildPhase</string>
			<key>name</key>
			<string>Check Pods Manifest.lock</string>
			<key>outputPaths</key>
			<array/>
			<key>runOnlyForDeploymentPostprocessing</key>
			<string>0</string>
			<key>shellPath</key>
			<string>/bin/sh</string>
			<key>shellScript</key>
			<string>diff "${PODS_ROOT}/../Podfile.lock" "${PODS_ROOT}/Manifest.lock" &gt; /dev/null
if [[ $? != 0 ]] ; then
    cat &lt;&lt; EOM
error: The sandbox is not in sync with the Podfile.lock. Run 'pod install' or update your CocoaPods installation.
EOM
    exit 1
fi
</string>
			<key>showEnvVarsInLog</key>
			<string>0</string>
		</dict>
		<key>4B04416FE12D43628767699C</key>
		<dict>
			<key>buildActionMask</key>
			<string>2147483647</string>
			<key>files</key>
			<array/>
			<key>inputPaths</key>
			<array/>
			<key>isa</key>
			<string>PBXShellScriptBuildPhase</string>
			<key>name</key>
			<string>Check Pods Manifest.lock</string>
			<key>outputPaths</key>
			<array/>
			<key>runOnlyForDeploymentPostprocessing</key>
			<string>0</string>
			<key>shellPath</key>
			<string>/bin/sh</string>
			<key>shellScript</key>
			<string>diff "${PODS_ROOT}/../Podfile.lock" "${PODS_ROOT}/Manifest.lock" &gt; /dev/null
if [[ $? != 0 ]] ; then
    cat &lt;&lt; EOM
error: The sandbox is not in sync with the Podfile.lock. Run 'pod install' or update your CocoaPods installation.
EOM
    exit 1
fi
</string>
			<key>showEnvVarsInLog</key>
			<string>0</string>
		</dict>
		<key>4F3E130019563D6B00D8CB5A</key>
		<dict>
			<key>isa</key>
			<string>PBXFileReference</string>
			<key>lastKnownFileType</key>
			<string>archive.ar</string>
			<key>name</key>
			<string>libPods.a</string>
			<key>path</key>
			<string>Pods/build/Debug-iphoneos/libPods.a</string>
			<key>sourceTree</key>
			<string>&lt;group&gt;</string>
		</dict>
		<key>4F3E130119563D6B00D8CB5A</key>
		<dict>
			<key>fileRef</key>
			<string>4F3E130019563D6B00D8CB5A</string>
			<key>isa</key>
			<string>PBXBuildFile</string>
		</dict>
		<key>4F570134180E5D0E00E12444</key>
		<dict>
			<key>children</key>
			<array>
				<string>4F570146180E5D0E00E12444</string>
				<string>4FA4986D18B866C600764406</string>
				<string>4F57013F180E5D0E00E12444</string>
				<string>4F57013E180E5D0E00E12444</string>
				<string>A9F793EA23C432CDC73052B5</string>
			</array>
			<key>isa</key>
			<string>PBXGroup</string>
			<key>sourceTree</key>
			<string>&lt;group&gt;</string>
		</dict>
		<key>4F570135180E5D0E00E12444</key>
		<dict>
			<key>attributes</key>
			<dict>
				<key>CLASSPREFIX</key>
				<string>DZN</string>
				<key>LastUpgradeCheck</key>
				<string>0510</string>
				<key>ORGANIZATIONNAME</key>
				<string>DZN Labs</string>
				<key>TargetAttributes</key>
				<dict>
					<key>4F64C15718A53D9C00FBEE9A</key>
					<dict>
						<key>TestTargetID</key>
						<string>4F57013C180E5D0E00E12444</string>
					</dict>
				</dict>
			</dict>
			<key>buildConfigurationList</key>
			<string>4F570138180E5D0E00E12444</string>
			<key>compatibilityVersion</key>
			<string>Xcode 3.2</string>
			<key>developmentRegion</key>
			<string>English</string>
			<key>hasScannedForEncodings</key>
			<string>0</string>
			<key>isa</key>
			<string>PBXProject</string>
			<key>knownRegions</key>
			<array>
				<string>en</string>
				<string>Base</string>
				<string>en-GB</string>
			</array>
			<key>mainGroup</key>
			<string>4F570134180E5D0E00E12444</string>
			<key>productRefGroup</key>
			<string>4F57013E180E5D0E00E12444</string>
			<key>projectDirPath</key>
			<string></string>
			<key>projectReferences</key>
			<array/>
			<key>projectRoot</key>
			<string></string>
			<key>targets</key>
			<array>
				<string>4F57013C180E5D0E00E12444</string>
				<string>4F64C15718A53D9C00FBEE9A</string>
			</array>
		</dict>
		<key>4F570138180E5D0E00E12444</key>
		<dict>
			<key>buildConfigurations</key>
			<array>
				<string>4F570170180E5D0E00E12444</string>
				<string>4F570171180E5D0E00E12444</string>
			</array>
			<key>defaultConfigurationIsVisible</key>
			<string>0</string>
			<key>defaultConfigurationName</key>
			<string>Release</string>
			<key>isa</key>
			<string>XCConfigurationList</string>
		</dict>
		<key>4F570139180E5D0E00E12444</key>
		<dict>
			<key>buildActionMask</key>
			<string>2147483647</string>
			<key>files</key>
			<array>
				<string>4F675FCD19CF39C8007C6D11</string>
				<string>4F570151180E5D0E00E12444</string>
				<string>4F57015A180E5D0E00E12444</string>
				<string>4F57014D180E5D0E00E12444</string>
			</array>
			<key>isa</key>
			<string>PBXSourcesBuildPhase</string>
			<key>runOnlyForDeploymentPostprocessing</key>
			<string>0</string>
		</dict>
		<key>4F57013A180E5D0E00E12444</key>
		<dict>
			<key>buildActionMask</key>
			<string>2147483647</string>
			<key>files</key>
			<array>
				<string>4F570143180E5D0E00E12444</string>
				<string>4F570145180E5D0E00E12444</string>
				<string>4F570141180E5D0E00E12444</string>
				<string>09545463FFA2473F9F223361</string>
			</array>
			<key>isa</key>
			<string>PBXFrameworksBuildPhase</string>
			<key>runOnlyForDeploymentPostprocessing</key>
			<string>0</string>
		</dict>
		<key>4F57013B180E5D0E00E12444</key>
		<dict>
			<key>buildActionMask</key>
			<string>2147483647</string>
			<key>files</key>
			<array>
				<string>4F675FD319CF3F78007C6D11</string>
				<string>4F570157180E5D0E00E12444</string>
				<string>4F675FD819CF4AFA007C6D11</string>
				<string>4F57015C180E5D0E00E12444</string>
				<string>4F675FD519CF4643007C6D11</string>
				<string>4F675FD119CF3F78007C6D11</string>
				<string>4F570154180E5D0E00E12444</string>
				<string>4F675FD219CF3F78007C6D11</string>
				<string>4F675FD019CF3F78007C6D11</string>
			</array>
			<key>isa</key>
			<string>PBXResourcesBuildPhase</string>
			<key>runOnlyForDeploymentPostprocessing</key>
			<string>0</string>
		</dict>
		<key>4F57013C180E5D0E00E12444</key>
		<dict>
			<key>buildConfigurationList</key>
			<string>4F570172180E5D0E00E12444</string>
			<key>buildPhases</key>
			<array>
				<string>30F253B1AD844622AB18D569</string>
				<string>4F570139180E5D0E00E12444</string>
				<string>4F57013A180E5D0E00E12444</string>
				<string>4F57013B180E5D0E00E12444</string>
				<string>6DF7EC06DF4B4B1BA525B2C5</string>
			</array>
			<key>buildRules</key>
			<array/>
			<key>dependencies</key>
			<array/>
			<key>isa</key>
			<string>PBXNativeTarget</string>
			<key>name</key>
			<string>Sample</string>
			<key>productName</key>
			<string>Sample</string>
			<key>productReference</key>
			<string>4F57013D180E5D0E00E12444</string>
			<key>productType</key>
			<string>com.apple.product-type.application</string>
		</dict>
		<key>4F57013D180E5D0E00E12444</key>
		<dict>
			<key>explicitFileType</key>
			<string>wrapper.application</string>
			<key>includeInIndex</key>
			<string>0</string>
			<key>isa</key>
			<string>PBXFileReference</string>
			<key>path</key>
			<string>Sample.app</string>
			<key>sourceTree</key>
			<string>BUILT_PRODUCTS_DIR</string>
		</dict>
		<key>4F57013E180E5D0E00E12444</key>
		<dict>
			<key>children</key>
			<array>
				<string>4F57013D180E5D0E00E12444</string>
				<string>4F64C15818A53D9C00FBEE9A</string>
			</array>
			<key>isa</key>
			<string>PBXGroup</string>
			<key>name</key>
			<string>Products</string>
			<key>sourceTree</key>
			<string>&lt;group&gt;</string>
		</dict>
		<key>4F57013F180E5D0E00E12444</key>
		<dict>
			<key>children</key>
			<array>
				<string>4F3E130019563D6B00D8CB5A</string>
				<string>4F97B28F18B066E500DED8C0</string>
				<string>4F570140180E5D0E00E12444</string>
				<string>4F570142180E5D0E00E12444</string>
				<string>4F570144180E5D0E00E12444</string>
				<string>4F570162180E5D0E00E12444</string>
				<string>81CB7D6B303A4384A940032C</string>
				<string>894F2AC976E24545B96AF5B0</string>
			</array>
			<key>isa</key>
			<string>PBXGroup</string>
			<key>name</key>
			<string>Frameworks</string>
			<key>sourceTree</key>
			<string>&lt;group&gt;</string>
		</dict>
		<key>4F570140180E5D0E00E12444</key>
		<dict>
			<key>isa</key>
			<string>PBXFileReference</string>
			<key>lastKnownFileType</key>
			<string>wrapper.framework</string>
			<key>name</key>
			<string>Foundation.framework</string>
			<key>path</key>
			<string>System/Library/Frameworks/Foundation.framework</string>
			<key>sourceTree</key>
			<string>SDKROOT</string>
		</dict>
		<key>4F570141180E5D0E00E12444</key>
		<dict>
			<key>fileRef</key>
			<string>4F570140180E5D0E00E12444</string>
			<key>isa</key>
			<string>PBXBuildFile</string>
		</dict>
		<key>4F570142180E5D0E00E12444</key>
		<dict>
			<key>isa</key>
			<string>PBXFileReference</string>
			<key>lastKnownFileType</key>
			<string>wrapper.framework</string>
			<key>name</key>
			<string>CoreGraphics.framework</string>
			<key>path</key>
			<string>System/Library/Frameworks/CoreGraphics.framework</string>
			<key>sourceTree</key>
			<string>SDKROOT</string>
		</dict>
		<key>4F570143180E5D0E00E12444</key>
		<dict>
			<key>fileRef</key>
			<string>4F570142180E5D0E00E12444</string>
			<key>isa</key>
			<string>PBXBuildFile</string>
		</dict>
		<key>4F570144180E5D0E00E12444</key>
		<dict>
			<key>isa</key>
			<string>PBXFileReference</string>
			<key>lastKnownFileType</key>
			<string>wrapper.framework</string>
			<key>name</key>
			<string>UIKit.framework</string>
			<key>path</key>
			<string>System/Library/Frameworks/UIKit.framework</string>
			<key>sourceTree</key>
			<string>SDKROOT</string>
		</dict>
		<key>4F570145180E5D0E00E12444</key>
		<dict>
			<key>fileRef</key>
			<string>4F570144180E5D0E00E12444</string>
			<key>isa</key>
			<string>PBXBuildFile</string>
		</dict>
		<key>4F570146180E5D0E00E12444</key>
		<dict>
			<key>children</key>
			<array>
				<string>4F57014F180E5D0E00E12444</string>
				<string>4F570150180E5D0E00E12444</string>
				<string>4F570158180E5D0E00E12444</string>
				<string>4F570159180E5D0E00E12444</string>
				<string>4FD61C0618759E0D0048DC0C</string>
				<string>4F570147180E5D0E00E12444</string>
			</array>
			<key>isa</key>
			<string>PBXGroup</string>
			<key>path</key>
			<string>Sample</string>
			<key>sourceTree</key>
			<string>&lt;group&gt;</string>
		</dict>
		<key>4F570147180E5D0E00E12444</key>
		<dict>
			<key>children</key>
			<array>
				<string>4F57015B180E5D0E00E12444</string>
				<string>4F570152180E5D0E00E12444</string>
				<string>4F570155180E5D0E00E12444</string>
				<string>4F570148180E5D0E00E12444</string>
				<string>4F57014C180E5D0E00E12444</string>
				<string>4F57014E180E5D0E00E12444</string>
			</array>
			<key>isa</key>
			<string>PBXGroup</string>
			<key>name</key>
			<string>Supporting Files</string>
			<key>sourceTree</key>
			<string>&lt;group&gt;</string>
		</dict>
		<key>4F570148180E5D0E00E12444</key>
		<dict>
			<key>isa</key>
			<string>PBXFileReference</string>
			<key>lastKnownFileType</key>
			<string>text.plist.xml</string>
			<key>path</key>
			<string>Sample-Info.plist</string>
			<key>sourceTree</key>
			<string>&lt;group&gt;</string>
		</dict>
		<key>4F57014C180E5D0E00E12444</key>
		<dict>
			<key>isa</key>
			<string>PBXFileReference</string>
			<key>lastKnownFileType</key>
			<string>sourcecode.c.objc</string>
			<key>path</key>
			<string>main.m</string>
			<key>sourceTree</key>
			<string>&lt;group&gt;</string>
		</dict>
		<key>4F57014D180E5D0E00E12444</key>
		<dict>
			<key>fileRef</key>
			<string>4F57014C180E5D0E00E12444</string>
			<key>isa</key>
			<string>PBXBuildFile</string>
		</dict>
		<key>4F57014E180E5D0E00E12444</key>
		<dict>
			<key>isa</key>
			<string>PBXFileReference</string>
			<key>lastKnownFileType</key>
			<string>sourcecode.c.h</string>
			<key>path</key>
			<string>Sample-Prefix.pch</string>
			<key>sourceTree</key>
			<string>&lt;group&gt;</string>
		</dict>
		<key>4F57014F180E5D0E00E12444</key>
		<dict>
			<key>isa</key>
			<string>PBXFileReference</string>
			<key>lastKnownFileType</key>
			<string>sourcecode.c.h</string>
			<key>path</key>
			<string>AppDelegate.h</string>
			<key>sourceTree</key>
			<string>&lt;group&gt;</string>
		</dict>
		<key>4F570150180E5D0E00E12444</key>
		<dict>
			<key>isa</key>
			<string>PBXFileReference</string>
			<key>lastKnownFileType</key>
			<string>sourcecode.c.objc</string>
			<key>path</key>
			<string>AppDelegate.m</string>
			<key>sourceTree</key>
			<string>&lt;group&gt;</string>
		</dict>
		<key>4F570151180E5D0E00E12444</key>
		<dict>
			<key>fileRef</key>
			<string>4F570150180E5D0E00E12444</string>
			<key>isa</key>
			<string>PBXBuildFile</string>
		</dict>
		<key>4F570152180E5D0E00E12444</key>
		<dict>
			<key>children</key>
			<array>
				<string>4F570153180E5D0E00E12444</string>
			</array>
			<key>isa</key>
			<string>PBXVariantGroup</string>
			<key>name</key>
			<string>Main_iPhone.storyboard</string>
			<key>sourceTree</key>
			<string>&lt;group&gt;</string>
		</dict>
		<key>4F570153180E5D0E00E12444</key>
		<dict>
			<key>isa</key>
			<string>PBXFileReference</string>
			<key>lastKnownFileType</key>
			<string>file.storyboard</string>
			<key>name</key>
			<string>Base</string>
			<key>path</key>
			<string>Base.lproj/Main_iPhone.storyboard</string>
			<key>sourceTree</key>
			<string>&lt;group&gt;</string>
		</dict>
		<key>4F570154180E5D0E00E12444</key>
		<dict>
			<key>fileRef</key>
			<string>4F570152180E5D0E00E12444</string>
			<key>isa</key>
			<string>PBXBuildFile</string>
		</dict>
		<key>4F570155180E5D0E00E12444</key>
		<dict>
			<key>children</key>
			<array>
				<string>4F570156180E5D0E00E12444</string>
			</array>
			<key>isa</key>
			<string>PBXVariantGroup</string>
			<key>name</key>
			<string>Main_iPad.storyboard</string>
			<key>sourceTree</key>
			<string>&lt;group&gt;</string>
		</dict>
		<key>4F570156180E5D0E00E12444</key>
		<dict>
			<key>isa</key>
			<string>PBXFileReference</string>
			<key>lastKnownFileType</key>
			<string>file.storyboard</string>
			<key>name</key>
			<string>Base</string>
			<key>path</key>
			<string>Base.lproj/Main_iPad.storyboard</string>
			<key>sourceTree</key>
			<string>&lt;group&gt;</string>
		</dict>
		<key>4F570157180E5D0E00E12444</key>
		<dict>
			<key>fileRef</key>
			<string>4F570155180E5D0E00E12444</string>
			<key>isa</key>
			<string>PBXBuildFile</string>
		</dict>
		<key>4F570158180E5D0E00E12444</key>
		<dict>
			<key>isa</key>
			<string>PBXFileReference</string>
			<key>lastKnownFileType</key>
			<string>sourcecode.c.h</string>
			<key>path</key>
			<string>RootViewController.h</string>
			<key>sourceTree</key>
			<string>&lt;group&gt;</string>
		</dict>
		<key>4F570159180E5D0E00E12444</key>
		<dict>
			<key>isa</key>
			<string>PBXFileReference</string>
			<key>lastKnownFileType</key>
			<string>sourcecode.c.objc</string>
			<key>path</key>
			<string>RootViewController.m</string>
			<key>sourceTree</key>
			<string>&lt;group&gt;</string>
		</dict>
		<key>4F57015A180E5D0E00E12444</key>
		<dict>
			<key>fileRef</key>
			<string>4F570159180E5D0E00E12444</string>
			<key>isa</key>
			<string>PBXBuildFile</string>
		</dict>
		<key>4F57015B180E5D0E00E12444</key>
		<dict>
			<key>isa</key>
			<string>PBXFileReference</string>
			<key>lastKnownFileType</key>
			<string>folder.assetcatalog</string>
			<key>path</key>
			<string>Images.xcassets</string>
			<key>sourceTree</key>
			<string>&lt;group&gt;</string>
		</dict>
		<key>4F57015C180E5D0E00E12444</key>
		<dict>
			<key>fileRef</key>
			<string>4F57015B180E5D0E00E12444</string>
			<key>isa</key>
			<string>PBXBuildFile</string>
		</dict>
		<key>4F570162180E5D0E00E12444</key>
		<dict>
			<key>isa</key>
			<string>PBXFileReference</string>
			<key>lastKnownFileType</key>
			<string>wrapper.framework</string>
			<key>name</key>
			<string>XCTest.framework</string>
			<key>path</key>
			<string>Library/Frameworks/XCTest.framework</string>
			<key>sourceTree</key>
			<string>DEVELOPER_DIR</string>
		</dict>
		<key>4F570170180E5D0E00E12444</key>
		<dict>
			<key>buildSettings</key>
			<dict>
				<key>ALWAYS_SEARCH_USER_PATHS</key>
				<string>NO</string>
				<key>CLANG_CXX_LANGUAGE_STANDARD</key>
				<string>gnu++0x</string>
				<key>CLANG_CXX_LIBRARY</key>
				<string>libc++</string>
				<key>CLANG_ENABLE_MODULES</key>
				<string>YES</string>
				<key>CLANG_ENABLE_OBJC_ARC</key>
				<string>YES</string>
				<key>CLANG_WARN_BOOL_CONVERSION</key>
				<string>YES</string>
				<key>CLANG_WARN_CONSTANT_CONVERSION</key>
				<string>YES</string>
				<key>CLANG_WARN_DIRECT_OBJC_ISA_USAGE</key>
				<string>YES_ERROR</string>
				<key>CLANG_WARN_EMPTY_BODY</key>
				<string>YES</string>
				<key>CLANG_WARN_ENUM_CONVERSION</key>
				<string>YES</string>
				<key>CLANG_WARN_INT_CONVERSION</key>
				<string>YES</string>
				<key>CLANG_WARN_OBJC_ROOT_CLASS</key>
				<string>YES_ERROR</string>
				<key>CLANG_WARN__DUPLICATE_METHOD_MATCH</key>
				<string>YES</string>
				<key>CODE_SIGN_IDENTITY[sdk=iphoneos*]</key>
				<string>iPhone Developer</string>
				<key>COPY_PHASE_STRIP</key>
				<string>NO</string>
				<key>GCC_C_LANGUAGE_STANDARD</key>
				<string>gnu99</string>
				<key>GCC_DYNAMIC_NO_PIC</key>
				<string>NO</string>
				<key>GCC_OPTIMIZATION_LEVEL</key>
				<string>0</string>
				<key>GCC_PREPROCESSOR_DEFINITIONS</key>
				<array>
					<string>DEBUG=1</string>
					<string>$(inherited)</string>
				</array>
				<key>GCC_SYMBOLS_PRIVATE_EXTERN</key>
				<string>NO</string>
				<key>GCC_WARN_64_TO_32_BIT_CONVERSION</key>
				<string>YES</string>
				<key>GCC_WARN_ABOUT_RETURN_TYPE</key>
				<string>YES_ERROR</string>
				<key>GCC_WARN_UNDECLARED_SELECTOR</key>
				<string>YES</string>
				<key>GCC_WARN_UNINITIALIZED_AUTOS</key>
				<string>YES</string>
				<key>GCC_WARN_UNUSED_FUNCTION</key>
				<string>YES</string>
				<key>GCC_WARN_UNUSED_VARIABLE</key>
				<string>YES</string>
				<key>IPHONEOS_DEPLOYMENT_TARGET</key>
				<string>7.0</string>
				<key>ONLY_ACTIVE_ARCH</key>
				<string>YES</string>
				<key>SDKROOT</key>
				<string>iphoneos</string>
				<key>TARGETED_DEVICE_FAMILY</key>
				<string>1,2</string>
			</dict>
			<key>isa</key>
			<string>XCBuildConfiguration</string>
			<key>name</key>
			<string>Debug</string>
		</dict>
		<key>4F570171180E5D0E00E12444</key>
		<dict>
			<key>buildSettings</key>
			<dict>
				<key>ALWAYS_SEARCH_USER_PATHS</key>
				<string>NO</string>
				<key>CLANG_CXX_LANGUAGE_STANDARD</key>
				<string>gnu++0x</string>
				<key>CLANG_CXX_LIBRARY</key>
				<string>libc++</string>
				<key>CLANG_ENABLE_MODULES</key>
				<string>YES</string>
				<key>CLANG_ENABLE_OBJC_ARC</key>
				<string>YES</string>
				<key>CLANG_WARN_BOOL_CONVERSION</key>
				<string>YES</string>
				<key>CLANG_WARN_CONSTANT_CONVERSION</key>
				<string>YES</string>
				<key>CLANG_WARN_DIRECT_OBJC_ISA_USAGE</key>
				<string>YES_ERROR</string>
				<key>CLANG_WARN_EMPTY_BODY</key>
				<string>YES</string>
				<key>CLANG_WARN_ENUM_CONVERSION</key>
				<string>YES</string>
				<key>CLANG_WARN_INT_CONVERSION</key>
				<string>YES</string>
				<key>CLANG_WARN_OBJC_ROOT_CLASS</key>
				<string>YES_ERROR</string>
				<key>CLANG_WARN__DUPLICATE_METHOD_MATCH</key>
				<string>YES</string>
				<key>CODE_SIGN_IDENTITY[sdk=iphoneos*]</key>
				<string>iPhone Developer</string>
				<key>COPY_PHASE_STRIP</key>
				<string>YES</string>
				<key>ENABLE_NS_ASSERTIONS</key>
				<string>NO</string>
				<key>GCC_C_LANGUAGE_STANDARD</key>
				<string>gnu99</string>
				<key>GCC_WARN_64_TO_32_BIT_CONVERSION</key>
				<string>YES</string>
				<key>GCC_WARN_ABOUT_RETURN_TYPE</key>
				<string>YES_ERROR</string>
				<key>GCC_WARN_UNDECLARED_SELECTOR</key>
				<string>YES</string>
				<key>GCC_WARN_UNINITIALIZED_AUTOS</key>
				<string>YES</string>
				<key>GCC_WARN_UNUSED_FUNCTION</key>
				<string>YES</string>
				<key>GCC_WARN_UNUSED_VARIABLE</key>
				<string>YES</string>
				<key>IPHONEOS_DEPLOYMENT_TARGET</key>
				<string>7.0</string>
				<key>SDKROOT</key>
				<string>iphoneos</string>
				<key>TARGETED_DEVICE_FAMILY</key>
				<string>1,2</string>
				<key>VALIDATE_PRODUCT</key>
				<string>YES</string>
			</dict>
			<key>isa</key>
			<string>XCBuildConfiguration</string>
			<key>name</key>
			<string>Release</string>
		</dict>
		<key>4F570172180E5D0E00E12444</key>
		<dict>
			<key>buildConfigurations</key>
			<array>
				<string>4F570173180E5D0E00E12444</string>
				<string>4F570174180E5D0E00E12444</string>
			</array>
			<key>defaultConfigurationIsVisible</key>
			<string>0</string>
			<key>defaultConfigurationName</key>
			<string>Release</string>
			<key>isa</key>
			<string>XCConfigurationList</string>
		</dict>
		<key>4F570173180E5D0E00E12444</key>
		<dict>
			<key>baseConfigurationReference</key>
			<string>17B09AED4E1C444266610DF5</string>
			<key>buildSettings</key>
			<dict>
				<key>ASSETCATALOG_COMPILER_APPICON_NAME</key>
				<string>AppIcon</string>
				<key>ASSETCATALOG_COMPILER_LAUNCHIMAGE_NAME</key>
				<string>LaunchImage</string>
				<key>GCC_PRECOMPILE_PREFIX_HEADER</key>
				<string>YES</string>
				<key>GCC_PREFIX_HEADER</key>
				<string>Sample/Sample-Prefix.pch</string>
				<key>INFOPLIST_FILE</key>
				<string>Sample/Sample-Info.plist</string>
				<key>PRODUCT_NAME</key>
				<string>$(TARGET_NAME)</string>
				<key>WRAPPER_EXTENSION</key>
				<string>app</string>
			</dict>
			<key>isa</key>
			<string>XCBuildConfiguration</string>
			<key>name</key>
			<string>Debug</string>
		</dict>
		<key>4F570174180E5D0E00E12444</key>
		<dict>
			<key>baseConfigurationReference</key>
			<string>B70AC998401468D684BF4A6D</string>
			<key>buildSettings</key>
			<dict>
				<key>ASSETCATALOG_COMPILER_APPICON_NAME</key>
				<string>AppIcon</string>
				<key>ASSETCATALOG_COMPILER_LAUNCHIMAGE_NAME</key>
				<string>LaunchImage</string>
				<key>GCC_PRECOMPILE_PREFIX_HEADER</key>
				<string>YES</string>
				<key>GCC_PREFIX_HEADER</key>
				<string>Sample/Sample-Prefix.pch</string>
				<key>INFOPLIST_FILE</key>
				<string>Sample/Sample-Info.plist</string>
				<key>PRODUCT_NAME</key>
				<string>$(TARGET_NAME)</string>
				<key>WRAPPER_EXTENSION</key>
				<string>app</string>
			</dict>
			<key>isa</key>
			<string>XCBuildConfiguration</string>
			<key>name</key>
			<string>Release</string>
		</dict>
		<key>4F64C15418A53D9C00FBEE9A</key>
		<dict>
			<key>buildActionMask</key>
			<string>2147483647</string>
			<key>files</key>
			<array>
				<string>4F675FCF19CF3EE7007C6D11</string>
				<string>4FD3E5B219CF35C500242E04</string>
			</array>
			<key>isa</key>
			<string>PBXSourcesBuildPhase</string>
			<key>runOnlyForDeploymentPostprocessing</key>
			<string>0</string>
		</dict>
		<key>4F64C15518A53D9C00FBEE9A</key>
		<dict>
			<key>buildActionMask</key>
			<string>2147483647</string>
			<key>files</key>
			<array>
				<string>4F3E130119563D6B00D8CB5A</string>
				<string>4F64C15918A53D9C00FBEE9A</string>
				<string>4F64C15B18A53D9C00FBEE9A</string>
				<string>4F64C15A18A53D9C00FBEE9A</string>
				<string>78A2EE0EDFEF41F192684B99</string>
			</array>
			<key>isa</key>
			<string>PBXFrameworksBuildPhase</string>
			<key>runOnlyForDeploymentPostprocessing</key>
			<string>0</string>
		</dict>
		<key>4F64C15618A53D9C00FBEE9A</key>
		<dict>
			<key>buildActionMask</key>
			<string>2147483647</string>
			<key>files</key>
			<array>
				<string>4FA4987F18B866C600764406</string>
				<string>4FA4988018B866C600764406</string>
				<string>4F675FD619CF4643007C6D11</string>
				<string>4FA4987C18B866C600764406</string>
				<string>4FA4987E18B866C600764406</string>
				<string>4F675FD919CF4AFA007C6D11</string>
			</array>
			<key>isa</key>
			<string>PBXResourcesBuildPhase</string>
			<key>runOnlyForDeploymentPostprocessing</key>
			<string>0</string>
		</dict>
		<key>4F64C15718A53D9C00FBEE9A</key>
		<dict>
			<key>buildConfigurationList</key>
			<string>4F64C16918A53D9C00FBEE9A</string>
			<key>buildPhases</key>
			<array>
				<string>4B04416FE12D43628767699C</string>
				<string>4F64C15418A53D9C00FBEE9A</string>
				<string>4F64C15518A53D9C00FBEE9A</string>
				<string>4F64C15618A53D9C00FBEE9A</string>
				<string>C2FB346A8FBE43BF8AB78D27</string>
			</array>
			<key>buildRules</key>
			<array/>
			<key>dependencies</key>
			<array>
				<string>4F64C16618A53D9C00FBEE9A</string>
			</array>
			<key>isa</key>
			<string>PBXNativeTarget</string>
			<key>name</key>
			<string>Tests</string>
			<key>productName</key>
			<string>DZNPhotoTests</string>
			<key>productReference</key>
			<string>4F64C15818A53D9C00FBEE9A</string>
			<key>productType</key>
			<string>com.apple.product-type.bundle.unit-test</string>
		</dict>
		<key>4F64C15818A53D9C00FBEE9A</key>
		<dict>
			<key>explicitFileType</key>
			<string>wrapper.cfbundle</string>
			<key>includeInIndex</key>
			<string>0</string>
			<key>isa</key>
			<string>PBXFileReference</string>
			<key>path</key>
			<string>Tests.xctest</string>
			<key>sourceTree</key>
			<string>BUILT_PRODUCTS_DIR</string>
		</dict>
		<key>4F64C15918A53D9C00FBEE9A</key>
		<dict>
			<key>fileRef</key>
			<string>4F570162180E5D0E00E12444</string>
			<key>isa</key>
			<string>PBXBuildFile</string>
		</dict>
		<key>4F64C15A18A53D9C00FBEE9A</key>
		<dict>
			<key>fileRef</key>
			<string>4F570140180E5D0E00E12444</string>
			<key>isa</key>
			<string>PBXBuildFile</string>
		</dict>
		<key>4F64C15B18A53D9C00FBEE9A</key>
		<dict>
			<key>fileRef</key>
			<string>4F570144180E5D0E00E12444</string>
			<key>isa</key>
			<string>PBXBuildFile</string>
		</dict>
		<key>4F64C16518A53D9C00FBEE9A</key>
		<dict>
			<key>containerPortal</key>
			<string>4F570135180E5D0E00E12444</string>
			<key>isa</key>
			<string>PBXContainerItemProxy</string>
			<key>proxyType</key>
			<string>1</string>
			<key>remoteGlobalIDString</key>
			<string>4F57013C180E5D0E00E12444</string>
			<key>remoteInfo</key>
			<string>Sample</string>
		</dict>
		<key>4F64C16618A53D9C00FBEE9A</key>
		<dict>
			<key>isa</key>
			<string>PBXTargetDependency</string>
			<key>target</key>
			<string>4F57013C180E5D0E00E12444</string>
			<key>targetProxy</key>
			<string>4F64C16518A53D9C00FBEE9A</string>
		</dict>
		<key>4F64C16718A53D9C00FBEE9A</key>
		<dict>
			<key>baseConfigurationReference</key>
			<string>55F219DCB1350781DA7B5C7F</string>
			<key>buildSettings</key>
			<dict>
				<key>BUNDLE_LOADER</key>
				<string>$(BUILT_PRODUCTS_DIR)/Sample.app/Sample</string>
				<key>FRAMEWORK_SEARCH_PATHS</key>
				<array>
					<string>$(SDKROOT)/Developer/Library/Frameworks</string>
					<string>$(inherited)</string>
					<string>$(DEVELOPER_FRAMEWORKS_DIR)</string>
				</array>
				<key>GCC_PRECOMPILE_PREFIX_HEADER</key>
				<string>YES</string>
				<key>GCC_PREFIX_HEADER</key>
				<string>../../Tests/Tests-Prefix.pch</string>
				<key>GCC_PREPROCESSOR_DEFINITIONS</key>
				<array>
					<string>DEBUG=1</string>
					<string>$(inherited)</string>
				</array>
				<key>INFOPLIST_FILE</key>
				<string>../../Tests/Tests-Info.plist</string>
				<key>LIBRARY_SEARCH_PATHS</key>
				<array>
					<string>$(inherited)</string>
					<string>$(SDKROOT)/usr/lib/system</string>
					<string>$(PROJECT_DIR)/Pods/build/Debug-iphoneos</string>
				</array>
				<key>PRODUCT_NAME</key>
				<string>$(TARGET_NAME)</string>
				<key>TEST_HOST</key>
				<string>$(BUNDLE_LOADER)</string>
				<key>WRAPPER_EXTENSION</key>
				<string>xctest</string>
			</dict>
			<key>isa</key>
			<string>XCBuildConfiguration</string>
			<key>name</key>
			<string>Debug</string>
		</dict>
		<key>4F64C16818A53D9C00FBEE9A</key>
		<dict>
			<key>baseConfigurationReference</key>
			<string>61B3A3B05B20C392E1C1FE2A</string>
			<key>buildSettings</key>
			<dict>
				<key>BUNDLE_LOADER</key>
				<string>$(BUILT_PRODUCTS_DIR)/Sample.app/Sample</string>
				<key>FRAMEWORK_SEARCH_PATHS</key>
				<array>
					<string>$(SDKROOT)/Developer/Library/Frameworks</string>
					<string>$(inherited)</string>
					<string>$(DEVELOPER_FRAMEWORKS_DIR)</string>
				</array>
				<key>GCC_PRECOMPILE_PREFIX_HEADER</key>
				<string>YES</string>
				<key>GCC_PREFIX_HEADER</key>
				<string>../../Tests/Tests-Prefix.pch</string>
				<key>INFOPLIST_FILE</key>
				<string>../../Tests/Tests-Info.plist</string>
				<key>LIBRARY_SEARCH_PATHS</key>
				<array>
					<string>$(inherited)</string>
					<string>$(SDKROOT)/usr/lib/system</string>
					<string>$(PROJECT_DIR)/Pods/build/Debug-iphoneos</string>
				</array>
				<key>PRODUCT_NAME</key>
				<string>$(TARGET_NAME)</string>
				<key>TEST_HOST</key>
				<string>$(BUNDLE_LOADER)</string>
				<key>WRAPPER_EXTENSION</key>
				<string>xctest</string>
			</dict>
			<key>isa</key>
			<string>XCBuildConfiguration</string>
			<key>name</key>
			<string>Release</string>
		</dict>
		<key>4F64C16918A53D9C00FBEE9A</key>
		<dict>
			<key>buildConfigurations</key>
			<array>
				<string>4F64C16718A53D9C00FBEE9A</string>
				<string>4F64C16818A53D9C00FBEE9A</string>
			</array>
			<key>defaultConfigurationIsVisible</key>
			<string>0</string>
			<key>defaultConfigurationName</key>
			<string>Release</string>
			<key>isa</key>
			<string>XCConfigurationList</string>
		</dict>
		<key>4F675FCB19CF39C8007C6D11</key>
		<dict>
			<key>fileEncoding</key>
			<string>4</string>
			<key>isa</key>
			<string>PBXFileReference</string>
			<key>lastKnownFileType</key>
			<string>sourcecode.c.h</string>
			<key>name</key>
			<string>TestUtility.h</string>
			<key>path</key>
			<string>Utilities/TestUtility.h</string>
			<key>sourceTree</key>
			<string>&lt;group&gt;</string>
		</dict>
		<key>4F675FCC19CF39C8007C6D11</key>
		<dict>
			<key>fileEncoding</key>
			<string>4</string>
			<key>isa</key>
			<string>PBXFileReference</string>
			<key>lastKnownFileType</key>
			<string>sourcecode.c.objc</string>
			<key>name</key>
			<string>TestUtility.m</string>
			<key>path</key>
			<string>Utilities/TestUtility.m</string>
			<key>sourceTree</key>
			<string>&lt;group&gt;</string>
		</dict>
		<key>4F675FCD19CF39C8007C6D11</key>
		<dict>
			<key>fileRef</key>
			<string>4F675FCC19CF39C8007C6D11</string>
			<key>isa</key>
			<string>PBXBuildFile</string>
		</dict>
		<key>4F675FCE19CF39D0007C6D11</key>
		<dict>
			<key>children</key>
			<array>
				<string>4F675FCB19CF39C8007C6D11</string>
				<string>4F675FCC19CF39C8007C6D11</string>
			</array>
			<key>isa</key>
			<string>PBXGroup</string>
			<key>name</key>
			<string>Utilities</string>
			<key>sourceTree</key>
			<string>&lt;group&gt;</string>
		</dict>
		<key>4F675FCF19CF3EE7007C6D11</key>
		<dict>
			<key>fileRef</key>
			<string>4F675FCC19CF39C8007C6D11</string>
			<key>isa</key>
			<string>PBXBuildFile</string>
		</dict>
		<key>4F675FD019CF3F78007C6D11</key>
		<dict>
			<key>fileRef</key>
			<string>4FA4987318B866C600764406</string>
			<key>isa</key>
			<string>PBXBuildFile</string>
		</dict>
		<key>4F675FD119CF3F78007C6D11</key>
		<dict>
			<key>fileRef</key>
			<string>4FA4987518B866C600764406</string>
			<key>isa</key>
			<string>PBXBuildFile</string>
		</dict>
		<key>4F675FD219CF3F78007C6D11</key>
		<dict>
			<key>fileRef</key>
			<string>4FA4987618B866C600764406</string>
			<key>isa</key>
			<string>PBXBuildFile</string>
		</dict>
		<key>4F675FD319CF3F78007C6D11</key>
		<dict>
			<key>fileRef</key>
			<string>4FA4987718B866C600764406</string>
			<key>isa</key>
			<string>PBXBuildFile</string>
		</dict>
		<key>4F675FD419CF4643007C6D11</key>
		<dict>
			<key>fileEncoding</key>
			<string>4</string>
			<key>isa</key>
			<string>PBXFileReference</string>
			<key>lastKnownFileType</key>
			<string>text.json</string>
			<key>path</key>
			<string>getty_images.json</string>
			<key>sourceTree</key>
			<string>&lt;group&gt;</string>
		</dict>
		<key>4F675FD519CF4643007C6D11</key>
		<dict>
			<key>fileRef</key>
			<string>4F675FD419CF4643007C6D11</string>
			<key>isa</key>
			<string>PBXBuildFile</string>
		</dict>
		<key>4F675FD619CF4643007C6D11</key>
		<dict>
			<key>fileRef</key>
			<string>4F675FD419CF4643007C6D11</string>
			<key>isa</key>
			<string>PBXBuildFile</string>
		</dict>
		<key>4F675FD719CF4AFA007C6D11</key>
		<dict>
			<key>fileEncoding</key>
			<string>4</string>
			<key>isa</key>
			<string>PBXFileReference</string>
			<key>lastKnownFileType</key>
			<string>text.json</string>
			<key>path</key>
			<string>bing.json</string>
			<key>sourceTree</key>
			<string>&lt;group&gt;</string>
		</dict>
		<key>4F675FD819CF4AFA007C6D11</key>
		<dict>
			<key>fileRef</key>
			<string>4F675FD719CF4AFA007C6D11</string>
			<key>isa</key>
			<string>PBXBuildFile</string>
		</dict>
		<key>4F675FD919CF4AFA007C6D11</key>
		<dict>
			<key>fileRef</key>
			<string>4F675FD719CF4AFA007C6D11</string>
			<key>isa</key>
			<string>PBXBuildFile</string>
		</dict>
		<key>4F97B28F18B066E500DED8C0</key>
		<dict>
			<key>isa</key>
			<string>PBXFileReference</string>
			<key>lastKnownFileType</key>
			<string>compiled.mach-o.dylib</string>
			<key>name</key>
			<string>libcommonCrypto.dylib</string>
			<key>path</key>
			<string>usr/lib/system/libcommonCrypto.dylib</string>
			<key>sourceTree</key>
			<string>SDKROOT</string>
		</dict>
		<key>4FA4986D18B866C600764406</key>
		<dict>
			<key>children</key>
			<array>
				<string>4FD3E5B119CF35C500242E04</string>
				<string>4F675FCE19CF39D0007C6D11</string>
				<string>4FA4986F18B866C600764406</string>
				<string>4FA4987018B866C600764406</string>
				<string>4FA4987218B866C600764406</string>
			</array>
			<key>isa</key>
			<string>PBXGroup</string>
			<key>name</key>
			<string>Tests</string>
			<key>path</key>
			<string>../../Tests</string>
			<key>sourceTree</key>
			<string>&lt;group&gt;</string>
		</dict>
		<key>4FA4986F18B866C600764406</key>
		<dict>
			<key>fileEncoding</key>
			<string>4</string>
			<key>isa</key>
			<string>PBXFileReference</string>
			<key>lastKnownFileType</key>
			<string>text.plist.xml</string>
			<key>path</key>
			<string>Tests-Info.plist</string>
			<key>sourceTree</key>
			<string>&lt;group&gt;</string>
		</dict>
		<key>4FA4987018B866C600764406</key>
		<dict>
			<key>fileEncoding</key>
			<string>4</string>
			<key>isa</key>
			<string>PBXFileReference</string>
			<key>lastKnownFileType</key>
			<string>sourcecode.c.h</string>
			<key>path</key>
			<string>Tests-Prefix.pch</string>
			<key>sourceTree</key>
			<string>&lt;group&gt;</string>
		</dict>
		<key>4FA4987218B866C600764406</key>
		<dict>
			<key>children</key>
			<array>
				<string>4FA4987318B866C600764406</string>
				<string>4FA4987518B866C600764406</string>
				<string>4FA4987618B866C600764406</string>
				<string>4FA4987718B866C600764406</string>
				<string>4F675FD719CF4AFA007C6D11</string>
				<string>4F675FD419CF4643007C6D11</string>
			</array>
			<key>isa</key>
			<string>PBXGroup</string>
			<key>path</key>
			<string>Fixtures</string>
			<key>sourceTree</key>
			<string>&lt;group&gt;</string>
		</dict>
		<key>4FA4987318B866C600764406</key>
		<dict>
			<key>fileEncoding</key>
			<string>4</string>
			<key>isa</key>
			<string>PBXFileReference</string>
			<key>lastKnownFileType</key>
			<string>text.json</string>
			<key>path</key>
			<string>500px.json</string>
			<key>sourceTree</key>
			<string>&lt;group&gt;</string>
		</dict>
		<key>4FA4987518B866C600764406</key>
		<dict>
			<key>fileEncoding</key>
			<string>4</string>
			<key>isa</key>
			<string>PBXFileReference</string>
			<key>lastKnownFileType</key>
			<string>text.json</string>
			<key>path</key>
			<string>flickr.json</string>
			<key>sourceTree</key>
			<string>&lt;group&gt;</string>
		</dict>
		<key>4FA4987618B866C600764406</key>
		<dict>
			<key>fileEncoding</key>
			<string>4</string>
			<key>isa</key>
			<string>PBXFileReference</string>
			<key>lastKnownFileType</key>
			<string>text.json</string>
			<key>path</key>
			<string>google.json</string>
			<key>sourceTree</key>
			<string>&lt;group&gt;</string>
		</dict>
		<key>4FA4987718B866C600764406</key>
		<dict>
			<key>fileEncoding</key>
			<string>4</string>
			<key>isa</key>
			<string>PBXFileReference</string>
			<key>lastKnownFileType</key>
			<string>text.json</string>
			<key>path</key>
			<string>instagram.json</string>
			<key>sourceTree</key>
			<string>&lt;group&gt;</string>
		</dict>
		<key>4FA4987C18B866C600764406</key>
		<dict>
			<key>fileRef</key>
			<string>4FA4987318B866C600764406</string>
			<key>isa</key>
			<string>PBXBuildFile</string>
		</dict>
		<key>4FA4987E18B866C600764406</key>
		<dict>
			<key>fileRef</key>
			<string>4FA4987518B866C600764406</string>
			<key>isa</key>
			<string>PBXBuildFile</string>
		</dict>
		<key>4FA4987F18B866C600764406</key>
		<dict>
			<key>fileRef</key>
			<string>4FA4987618B866C600764406</string>
			<key>isa</key>
			<string>PBXBuildFile</string>
		</dict>
		<key>4FA4988018B866C600764406</key>
		<dict>
			<key>fileRef</key>
			<string>4FA4987718B866C600764406</string>
			<key>isa</key>
			<string>PBXBuildFile</string>
		</dict>
		<key>4FD3E5B119CF35C500242E04</key>
		<dict>
			<key>fileEncoding</key>
			<string>4</string>
			<key>isa</key>
			<string>PBXFileReference</string>
			<key>lastKnownFileType</key>
			<string>sourcecode.c.objc</string>
			<key>path</key>
			<string>ParsingTests.m</string>
			<key>sourceTree</key>
			<string>&lt;group&gt;</string>
		</dict>
		<key>4FD3E5B219CF35C500242E04</key>
		<dict>
			<key>fileRef</key>
			<string>4FD3E5B119CF35C500242E04</string>
			<key>isa</key>
			<string>PBXBuildFile</string>
		</dict>
		<key>4FD61C0618759E0D0048DC0C</key>
		<dict>
			<key>isa</key>
			<string>PBXFileReference</string>
			<key>lastKnownFileType</key>
			<string>sourcecode.c.h</string>
			<key>path</key>
			<string>Private.h</string>
			<key>sourceTree</key>
			<string>&lt;group&gt;</string>
		</dict>
		<key>55F219DCB1350781DA7B5C7F</key>
		<dict>
			<key>includeInIndex</key>
			<string>1</string>
			<key>isa</key>
			<string>PBXFileReference</string>
			<key>lastKnownFileType</key>
			<string>text.xcconfig</string>
			<key>name</key>
			<string>Pods-Tests.debug.xcconfig</string>
			<key>path</key>
			<string>Pods/Target Support Files/Pods-Tests/Pods-Tests.debug.xcconfig</string>
			<key>sourceTree</key>
			<string>&lt;group&gt;</string>
		</dict>
		<key>61B3A3B05B20C392E1C1FE2A</key>
		<dict>
			<key>includeInIndex</key>
			<string>1</string>
			<key>isa</key>
			<string>PBXFileReference</string>
			<key>lastKnownFileType</key>
			<string>text.xcconfig</string>
			<key>name</key>
			<string>Pods-Tests.release.xcconfig</string>
			<key>path</key>
			<string>Pods/Target Support Files/Pods-Tests/Pods-Tests.release.xcconfig</string>
			<key>sourceTree</key>
			<string>&lt;group&gt;</string>
		</dict>
		<key>6DF7EC06DF4B4B1BA525B2C5</key>
		<dict>
			<key>buildActionMask</key>
			<string>2147483647</string>
			<key>files</key>
			<array/>
			<key>inputPaths</key>
			<array/>
			<key>isa</key>
			<string>PBXShellScriptBuildPhase</string>
			<key>name</key>
			<string>Copy Pods Resources</string>
			<key>outputPaths</key>
			<array/>
			<key>runOnlyForDeploymentPostprocessing</key>
			<string>0</string>
			<key>shellPath</key>
			<string>/bin/sh</string>
			<key>shellScript</key>
			<string>"${SRCROOT}/Pods/Target Support Files/Pods/Pods-resources.sh"
</string>
			<key>showEnvVarsInLog</key>
			<string>0</string>
		</dict>
		<key>78A2EE0EDFEF41F192684B99</key>
		<dict>
			<key>fileRef</key>
			<string>894F2AC976E24545B96AF5B0</string>
			<key>isa</key>
			<string>PBXBuildFile</string>
		</dict>
		<key>81CB7D6B303A4384A940032C</key>
		<dict>
			<key>explicitFileType</key>
			<string>archive.ar</string>
			<key>includeInIndex</key>
			<string>0</string>
			<key>isa</key>
			<string>PBXFileReference</string>
			<key>path</key>
			<string>libPods.a</string>
			<key>sourceTree</key>
			<string>BUILT_PRODUCTS_DIR</string>
		</dict>
		<key>894F2AC976E24545B96AF5B0</key>
		<dict>
			<key>explicitFileType</key>
			<string>archive.ar</string>
			<key>includeInIndex</key>
			<string>0</string>
			<key>isa</key>
			<string>PBXFileReference</string>
			<key>path</key>
			<string>libPods-Tests.a</string>
			<key>sourceTree</key>
			<string>BUILT_PRODUCTS_DIR</string>
		</dict>
		<key>A9F793EA23C432CDC73052B5</key>
		<dict>
			<key>children</key>
			<array>
				<string>17B09AED4E1C444266610DF5</string>
				<string>B70AC998401468D684BF4A6D</string>
				<string>55F219DCB1350781DA7B5C7F</string>
				<string>61B3A3B05B20C392E1C1FE2A</string>
			</array>
			<key>isa</key>
			<string>PBXGroup</string>
			<key>name</key>
			<string>Pods</string>
			<key>sourceTree</key>
			<string>&lt;group&gt;</string>
		</dict>
		<key>B70AC998401468D684BF4A6D</key>
		<dict>
			<key>includeInIndex</key>
			<string>1</string>
			<key>isa</key>
			<string>PBXFileReference</string>
			<key>lastKnownFileType</key>
			<string>text.xcconfig</string>
			<key>name</key>
			<string>Pods.release.xcconfig</string>
			<key>path</key>
			<string>Pods/Target Support Files/Pods/Pods.release.xcconfig</string>
			<key>sourceTree</key>
			<string>&lt;group&gt;</string>
		</dict>
		<key>C2FB346A8FBE43BF8AB78D27</key>
		<dict>
			<key>buildActionMask</key>
			<string>2147483647</string>
			<key>files</key>
			<array/>
			<key>inputPaths</key>
			<array/>
			<key>isa</key>
			<string>PBXShellScriptBuildPhase</string>
			<key>name</key>
			<string>Copy Pods Resources</string>
			<key>outputPaths</key>
			<array/>
			<key>runOnlyForDeploymentPostprocessing</key>
			<string>0</string>
			<key>shellPath</key>
			<string>/bin/sh</string>
			<key>shellScript</key>
			<string>"${SRCROOT}/Pods/Target Support Files/Pods-Tests/Pods-Tests-resources.sh"
</string>
			<key>showEnvVarsInLog</key>
			<string>0</string>
		</dict>
	</dict>
	<key>rootObject</key>
	<string>4F570135180E5D0E00E12444</string>
</dict>
</plist>
