PODS:
  - AFNetworking (2.4.1):
    - AFNetworking/NSURLConnection (= 2.4.1)
    - AFNetworking/NSURLSession (= 2.4.1)
    - AFNetworking/Reachability (= 2.4.1)
    - AFNetworking/Security (= 2.4.1)
    - AFNetworking/Serialization (= 2.4.1)
    - AFNetworking/UIKit (= 2.4.1)
  - AFNetworking/NSURLConnection (2.4.1):
    - AFNetworking/Reachability
    - AFNetworking/Security
    - AFNetworking/Serialization
  - AFNetworking/NSURLSession (2.4.1):
    - AFNetworking/Reachability
    - AFNetworking/Security
    - AFNetworking/Serialization
  - AFNetworking/Reachability (2.4.1)
  - AFNetworking/Security (2.4.1)
  - AFNetworking/Serialization (2.4.1)
  - AFNetworking/UIKit (2.4.1):
    - AFNetworking/NSURLConnection
    - AFNetworking/NSURLSession
  - DZNEmptyDataSet (1.7.3)
  - DZNPhotoPickerController (1.6.1):
    - DZNPhotoPickerController/Core (= 1.6.1)
  - DZNPhotoPickerController/Core (1.6.1):
    - DZNEmptyDataSet
    - DZNPhotoPickerController/Editor
    - DZNPhotoPickerController/Services
    - MBProgressHUD
    - SDWebImage
  - DZNPhotoPickerController/Editor (1.6.1)
  - DZNPhotoPickerController/Services (1.6.1):
    - AFNetworking
    - GROAuth2SessionManager
  - GROAuth2SessionManager (0.2.3):
    - AFNetworking (~> 2.4.1)
  - Kiwi (2.3.1)
  - MBProgressHUD (0.9.2)
  - SDWebImage (3.7.5):
    - SDWebImage/Core (= 3.7.5)
  - SDWebImage/Core (3.7.5)

DEPENDENCIES:
  - DZNPhotoPickerController (from `../../`)
  - Kiwi (~> 2.3)

EXTERNAL SOURCES:
  DZNPhotoPickerController:
    :path: "../../"

SPEC CHECKSUMS:
  AFNetworking: 41d45d2c14219af0fa5addf3cfd433a002c13c9f
  DZNEmptyDataSet: dd7cca17c1d07dfa78956859b1e70a52505678ef
  DZNPhotoPickerController: 4b933473c6455c350be0f84afec8acaf94da6752
  GROAuth2SessionManager: c265ea7e6d33512e7b079ccc9bb509dba2d43131
  Kiwi: f038a6c61f7a9e4d7766bff5717aa3b3fdb75f55
  MBProgressHUD: 1569cf7ace17a8bac47aabfbb8580a49690386d1
  SDWebImage: 69c6303e3348fba97e03f65d65d4fbc26740f461

COCOAPODS: 0.39.0
